// !$*UTF8*$!
{
	archiveVersion = 1;
	classes = {
	};
	objectVersion = 56;
	objects = {

/* Begin PBXBuildFile section */

		0BF25AC42B8B65A600B0C8CE /* RunningMapView.swift in Sources */ = {isa = PBXBuildFile; fileRef = 0BF25AC32B8B65A600B0C8CE /* RunningMapView.swift */; };
		0BF25AC62B8B73E600B0C8CE /* RunningMapMobel.swift in Sources */ = {isa = PBXBuildFile; fileRef = 0BF25AC52B8B73E600B0C8CE /* RunningMapMobel.swift */; };
		0BF25AC82B8BA87900B0C8CE /* AmenitiesViewController.swift in Sources */ = {isa = PBXBuildFile; fileRef = 0BF25AC72B8BA87900B0C8CE /* AmenitiesViewController.swift */; };
		0BF25ACC2B8C724600B0C8CE /* DistanceCollectionViewCell.swift in Sources */ = {isa = PBXBuildFile; fileRef = 0BF25ACB2B8C724600B0C8CE /* DistanceCollectionViewCell.swift */; };
		2B98882A2B8C770900B2BC74 /* RecordViewCell.swift in Sources */ = {isa = PBXBuildFile; fileRef = 2B9888292B8C770900B2BC74 /* RecordViewCell.swift */; };
		C82CEDC92B86FCB200B619AD /* AppDelegate.swift in Sources */ = {isa = PBXBuildFile; fileRef = C82CEDC82B86FCB200B619AD /* AppDelegate.swift */; };
		C82CEDCB2B86FCB200B619AD /* SceneDelegate.swift in Sources */ = {isa = PBXBuildFile; fileRef = C82CEDCA2B86FCB200B619AD /* SceneDelegate.swift */; };
		C82CEDCD2B86FCB200B619AD /* MainTabBarViewController.swift in Sources */ = {isa = PBXBuildFile; fileRef = C82CEDCC2B86FCB200B619AD /* MainTabBarViewController.swift */; };
		C82CEDD32B86FCB200B619AD /* Run_It.xcdatamodeld in Sources */ = {isa = PBXBuildFile; fileRef = C82CEDD12B86FCB200B619AD /* Run_It.xcdatamodeld */; };
		C82CEDD52B86FCB300B619AD /* Assets.xcassets in Resources */ = {isa = PBXBuildFile; fileRef = C82CEDD42B86FCB300B619AD /* Assets.xcassets */; };
		C82CEDD82B86FCB300B619AD /* LaunchScreen.storyboard in Resources */ = {isa = PBXBuildFile; fileRef = C82CEDD62B86FCB300B619AD /* LaunchScreen.storyboard */; };
		C82CEDE02B86FD5100B619AD /* BookmarkViewController.swift in Sources */ = {isa = PBXBuildFile; fileRef = C82CEDDF2B86FD5100B619AD /* BookmarkViewController.swift */; };
		C82CEDE22B86FD7C00B619AD /* RunningMapViewController.swift in Sources */ = {isa = PBXBuildFile; fileRef = C82CEDE12B86FD7C00B619AD /* RunningMapViewController.swift */; };
		C82CEDE42B86FD8800B619AD /* ProfileViewController.swift in Sources */ = {isa = PBXBuildFile; fileRef = C82CEDE32B86FD8800B619AD /* ProfileViewController.swift */; };
		C82CEDE92B86FDE800B619AD /* RunningTimerViewController.swift in Sources */ = {isa = PBXBuildFile; fileRef = C82CEDE82B86FDE800B619AD /* RunningTimerViewController.swift */; };
		C82CEDEB2B86FDF700B619AD /* EventViewController.swift in Sources */ = {isa = PBXBuildFile; fileRef = C82CEDEA2B86FDF700B619AD /* EventViewController.swift */; };
		C879CD032B88807B00DBFB82 /* PauseRunningHalfModalViewController.swift in Sources */ = {isa = PBXBuildFile; fileRef = C879CD022B88807B00DBFB82 /* PauseRunningHalfModalViewController.swift */; };
		C879CD052B8880F200DBFB82 /* HalfModal.swift in Sources */ = {isa = PBXBuildFile; fileRef = C879CD042B8880F200DBFB82 /* HalfModal.swift */; };
		C879CD072B8AA9B400DBFB82 /* StartRunningViewController.swift in Sources */ = {isa = PBXBuildFile; fileRef = C879CD062B8AA9B400DBFB82 /* StartRunningViewController.swift */; };
		C879CD092B8B405E00DBFB82 /* RunningTimerManager.swift in Sources */ = {isa = PBXBuildFile; fileRef = C879CD082B8B405E00DBFB82 /* RunningTimerManager.swift */; };
		C8D903EF2B8731870008C15E /* KakaoSDK in Frameworks */ = {isa = PBXBuildFile; productRef = C8D903EE2B8731870008C15E /* KakaoSDK */; };
		C8D903F12B8731870008C15E /* KakaoSDKAuth in Frameworks */ = {isa = PBXBuildFile; productRef = C8D903F02B8731870008C15E /* KakaoSDKAuth */; };
		C8D903F32B8731870008C15E /* KakaoSDKCert in Frameworks */ = {isa = PBXBuildFile; productRef = C8D903F22B8731870008C15E /* KakaoSDKCert */; };
		C8D903F52B8731870008C15E /* KakaoSDKCertCore in Frameworks */ = {isa = PBXBuildFile; productRef = C8D903F42B8731870008C15E /* KakaoSDKCertCore */; };
		C8D903F72B8731870008C15E /* KakaoSDKCommon in Frameworks */ = {isa = PBXBuildFile; productRef = C8D903F62B8731870008C15E /* KakaoSDKCommon */; };
		C8D903F92B8731870008C15E /* KakaoSDKFriend in Frameworks */ = {isa = PBXBuildFile; productRef = C8D903F82B8731870008C15E /* KakaoSDKFriend */; };
		C8D903FC2B8731AB0008C15E /* SnapKit in Frameworks */ = {isa = PBXBuildFile; productRef = C8D903FB2B8731AB0008C15E /* SnapKit */; };
		C8D903FE2B8731AB0008C15E /* SnapKit-Dynamic in Frameworks */ = {isa = PBXBuildFile; productRef = C8D903FD2B8731AB0008C15E /* SnapKit-Dynamic */; };
/* End PBXBuildFile section */

/* Begin PBXFileReference section */
		0BF25AC32B8B65A600B0C8CE /* RunningMapView.swift */ = {isa = PBXFileReference; lastKnownFileType = sourcecode.swift; path = RunningMapView.swift; sourceTree = "<group>"; };
		0BF25AC52B8B73E600B0C8CE /* RunningMapMobel.swift */ = {isa = PBXFileReference; lastKnownFileType = sourcecode.swift; path = RunningMapMobel.swift; sourceTree = "<group>"; };
		0BF25AC72B8BA87900B0C8CE /* AmenitiesViewController.swift */ = {isa = PBXFileReference; lastKnownFileType = sourcecode.swift; path = AmenitiesViewController.swift; sourceTree = "<group>"; };
		0BF25ACB2B8C724600B0C8CE /* DistanceCollectionViewCell.swift */ = {isa = PBXFileReference; lastKnownFileType = sourcecode.swift; path = DistanceCollectionViewCell.swift; sourceTree = "<group>"; };
		2B9888292B8C770900B2BC74 /* RecordViewCell.swift */ = {isa = PBXFileReference; lastKnownFileType = sourcecode.swift; path = RecordViewCell.swift; sourceTree = "<group>"; };
		C82CEDC52B86FCB200B619AD /* Run-It.app */ = {isa = PBXFileReference; explicitFileType = wrapper.application; includeInIndex = 0; path = "Run-It.app"; sourceTree = BUILT_PRODUCTS_DIR; };
		C82CEDC82B86FCB200B619AD /* AppDelegate.swift */ = {isa = PBXFileReference; lastKnownFileType = sourcecode.swift; path = AppDelegate.swift; sourceTree = "<group>"; };
		C82CEDCA2B86FCB200B619AD /* SceneDelegate.swift */ = {isa = PBXFileReference; lastKnownFileType = sourcecode.swift; path = SceneDelegate.swift; sourceTree = "<group>"; };
		C82CEDCC2B86FCB200B619AD /* MainTabBarViewController.swift */ = {isa = PBXFileReference; lastKnownFileType = sourcecode.swift; path = MainTabBarViewController.swift; sourceTree = "<group>"; };
		C82CEDD22B86FCB200B619AD /* Run_It.xcdatamodel */ = {isa = PBXFileReference; lastKnownFileType = wrapper.xcdatamodel; path = Run_It.xcdatamodel; sourceTree = "<group>"; };
		C82CEDD42B86FCB300B619AD /* Assets.xcassets */ = {isa = PBXFileReference; lastKnownFileType = folder.assetcatalog; path = Assets.xcassets; sourceTree = "<group>"; };
		C82CEDD72B86FCB300B619AD /* Base */ = {isa = PBXFileReference; lastKnownFileType = file.storyboard; name = Base; path = Base.lproj/LaunchScreen.storyboard; sourceTree = "<group>"; };
		C82CEDD92B86FCB300B619AD /* Info.plist */ = {isa = PBXFileReference; lastKnownFileType = text.plist.xml; path = Info.plist; sourceTree = "<group>"; };
		C82CEDDF2B86FD5100B619AD /* BookmarkViewController.swift */ = {isa = PBXFileReference; lastKnownFileType = sourcecode.swift; path = BookmarkViewController.swift; sourceTree = "<group>"; };
		C82CEDE12B86FD7C00B619AD /* RunningMapViewController.swift */ = {isa = PBXFileReference; lastKnownFileType = sourcecode.swift; path = RunningMapViewController.swift; sourceTree = "<group>"; };
		C82CEDE32B86FD8800B619AD /* ProfileViewController.swift */ = {isa = PBXFileReference; lastKnownFileType = sourcecode.swift; path = ProfileViewController.swift; sourceTree = "<group>"; };
		C82CEDE82B86FDE800B619AD /* RunningTimerViewController.swift */ = {isa = PBXFileReference; lastKnownFileType = sourcecode.swift; path = RunningTimerViewController.swift; sourceTree = "<group>"; };
		C82CEDEA2B86FDF700B619AD /* EventViewController.swift */ = {isa = PBXFileReference; lastKnownFileType = sourcecode.swift; path = EventViewController.swift; sourceTree = "<group>"; };
		C879CD022B88807B00DBFB82 /* PauseRunningHalfModalViewController.swift */ = {isa = PBXFileReference; lastKnownFileType = sourcecode.swift; path = PauseRunningHalfModalViewController.swift; sourceTree = "<group>"; };
		C879CD042B8880F200DBFB82 /* HalfModal.swift */ = {isa = PBXFileReference; lastKnownFileType = sourcecode.swift; path = HalfModal.swift; sourceTree = "<group>"; };
		C879CD062B8AA9B400DBFB82 /* StartRunningViewController.swift */ = {isa = PBXFileReference; lastKnownFileType = sourcecode.swift; path = StartRunningViewController.swift; sourceTree = "<group>"; };
		C879CD082B8B405E00DBFB82 /* RunningTimerManager.swift */ = {isa = PBXFileReference; lastKnownFileType = sourcecode.swift; path = RunningTimerManager.swift; sourceTree = "<group>"; };
/* End PBXFileReference section */

/* Begin PBXFrameworksBuildPhase section */
		C82CEDC22B86FCB200B619AD /* Frameworks */ = {
			isa = PBXFrameworksBuildPhase;
			buildActionMask = 2147483647;
			files = (
				C8D903F52B8731870008C15E /* KakaoSDKCertCore in Frameworks */,
				C8D903F32B8731870008C15E /* KakaoSDKCert in Frameworks */,
				C8D903EF2B8731870008C15E /* KakaoSDK in Frameworks */,
				C8D903FE2B8731AB0008C15E /* SnapKit-Dynamic in Frameworks */,
				C8D903FC2B8731AB0008C15E /* SnapKit in Frameworks */,
				C8D903F72B8731870008C15E /* KakaoSDKCommon in Frameworks */,
				C8D903F12B8731870008C15E /* KakaoSDKAuth in Frameworks */,
				C8D903F92B8731870008C15E /* KakaoSDKFriend in Frameworks */,
			);
			runOnlyForDeploymentPostprocessing = 0;
		};
/* End PBXFrameworksBuildPhase section */

/* Begin PBXGroup section */
		C82CEDBC2B86FCB200B619AD = {
			isa = PBXGroup;
			children = (
				C82CEDC72B86FCB200B619AD /* Run-It */,
				C82CEDC62B86FCB200B619AD /* Products */,
			);
			sourceTree = "<group>";
		};
		C82CEDC62B86FCB200B619AD /* Products */ = {
			isa = PBXGroup;
			children = (
				C82CEDC52B86FCB200B619AD /* Run-It.app */,
			);
			name = Products;
			sourceTree = "<group>";
		};
		C82CEDC72B86FCB200B619AD /* Run-It */ = {
			isa = PBXGroup;
			children = (
				C82CEDC82B86FCB200B619AD /* AppDelegate.swift */,
				C82CEDCA2B86FCB200B619AD /* SceneDelegate.swift */,
				C82CEDD42B86FCB300B619AD /* Assets.xcassets */,
				C82CEDD92B86FCB300B619AD /* Info.plist */,
				C82CEDEE2B86FEAF00B619AD /* MainTabBarViewController */,
				C82CEDE52B86FDBD00B619AD /* ProfileView */,
				C82CEDE62B86FDC700B619AD /* RunningMapView */,
				C82CEDE72B86FDD000B619AD /* BookmarkView */,
				C82CEDEC2B86FE0400B619AD /* RunningTimerView */,
				C82CEDED2B86FE1A00B619AD /* EventView */,
				C82CEDD62B86FCB300B619AD /* LaunchScreen.storyboard */,
				C82CEDD12B86FCB200B619AD /* Run_It.xcdatamodeld */,
			);
			path = "Run-It";
			sourceTree = "<group>";
		};
		C82CEDE52B86FDBD00B619AD /* ProfileView */ = {
			isa = PBXGroup;
			children = (
				C82CEDE32B86FD8800B619AD /* ProfileViewController.swift */,
				2B9888292B8C770900B2BC74 /* RecordViewCell.swift */,
			);
			path = ProfileView;
			sourceTree = "<group>";
		};
		C82CEDE62B86FDC700B619AD /* RunningMapView */ = {
			isa = PBXGroup;
			children = (
				C82CEDE12B86FD7C00B619AD /* RunningMapViewController.swift */,
				0BF25AC32B8B65A600B0C8CE /* RunningMapView.swift */,
				0BF25AC52B8B73E600B0C8CE /* RunningMapMobel.swift */,
				0BF25AC72B8BA87900B0C8CE /* AmenitiesViewController.swift */,
				0BF25ACB2B8C724600B0C8CE /* DistanceCollectionViewCell.swift */,
			);
			path = RunningMapView;
			sourceTree = "<group>";
		};
		C82CEDE72B86FDD000B619AD /* BookmarkView */ = {
			isa = PBXGroup;
			children = (
				C82CEDDF2B86FD5100B619AD /* BookmarkViewController.swift */,
			);
			path = BookmarkView;
			sourceTree = "<group>";
		};
		C82CEDEC2B86FE0400B619AD /* RunningTimerView */ = {
			isa = PBXGroup;
			children = (
				C879CD062B8AA9B400DBFB82 /* StartRunningViewController.swift */,
				C879CD082B8B405E00DBFB82 /* RunningTimerManager.swift */,
				C82CEDE82B86FDE800B619AD /* RunningTimerViewController.swift */,
				C879CD042B8880F200DBFB82 /* HalfModal.swift */,
				C879CD022B88807B00DBFB82 /* PauseRunningHalfModalViewController.swift */,
			);
			path = RunningTimerView;
			sourceTree = "<group>";
		};
		C82CEDED2B86FE1A00B619AD /* EventView */ = {
			isa = PBXGroup;
			children = (
				C82CEDEA2B86FDF700B619AD /* EventViewController.swift */,
			);
			path = EventView;
			sourceTree = "<group>";
		};
		C82CEDEE2B86FEAF00B619AD /* MainTabBarViewController */ = {
			isa = PBXGroup;
			children = (
				C82CEDCC2B86FCB200B619AD /* MainTabBarViewController.swift */,
			);
			path = MainTabBarViewController;
			sourceTree = "<group>";
		};
/* End PBXGroup section */

/* Begin PBXNativeTarget section */
		C82CEDC42B86FCB200B619AD /* Run-It */ = {
			isa = PBXNativeTarget;
			buildConfigurationList = C82CEDDC2B86FCB300B619AD /* Build configuration list for PBXNativeTarget "Run-It" */;
			buildPhases = (
				C82CEDC12B86FCB200B619AD /* Sources */,
				C82CEDC22B86FCB200B619AD /* Frameworks */,
				C82CEDC32B86FCB200B619AD /* Resources */,
			);
			buildRules = (
			);
			dependencies = (
			);
			name = "Run-It";
			packageProductDependencies = (
				C8D903EE2B8731870008C15E /* KakaoSDK */,
				C8D903F02B8731870008C15E /* KakaoSDKAuth */,
				C8D903F22B8731870008C15E /* KakaoSDKCert */,
				C8D903F42B8731870008C15E /* KakaoSDKCertCore */,
				C8D903F62B8731870008C15E /* KakaoSDKCommon */,
				C8D903F82B8731870008C15E /* KakaoSDKFriend */,
				C8D903FB2B8731AB0008C15E /* SnapKit */,
				C8D903FD2B8731AB0008C15E /* SnapKit-Dynamic */,
			);
			productName = "Run-It";
			productReference = C82CEDC52B86FCB200B619AD /* Run-It.app */;
			productType = "com.apple.product-type.application";
		};
/* End PBXNativeTarget section */

/* Begin PBXProject section */
		C82CEDBD2B86FCB200B619AD /* Project object */ = {
			isa = PBXProject;
			attributes = {
				BuildIndependentTargetsInParallel = 1;
				LastSwiftUpdateCheck = 1520;
				LastUpgradeCheck = 1520;
				TargetAttributes = {
					C82CEDC42B86FCB200B619AD = {
						CreatedOnToolsVersion = 15.2;
					};
				};
			};
			buildConfigurationList = C82CEDC02B86FCB200B619AD /* Build configuration list for PBXProject "Run-It" */;
			compatibilityVersion = "Xcode 14.0";
			developmentRegion = en;
			hasScannedForEncodings = 0;
			knownRegions = (
				en,
				Base,
			);
			mainGroup = C82CEDBC2B86FCB200B619AD;
			packageReferences = (
				C8D903ED2B8731870008C15E /* XCRemoteSwiftPackageReference "kakao-ios-sdk" */,
				C8D903FA2B8731AB0008C15E /* XCRemoteSwiftPackageReference "SnapKit" */,
			);
			productRefGroup = C82CEDC62B86FCB200B619AD /* Products */;
			projectDirPath = "";
			projectRoot = "";
			targets = (
				C82CEDC42B86FCB200B619AD /* Run-It */,
			);
		};
/* End PBXProject section */

/* Begin PBXResourcesBuildPhase section */
		C82CEDC32B86FCB200B619AD /* Resources */ = {
			isa = PBXResourcesBuildPhase;
			buildActionMask = 2147483647;
			files = (
				C82CEDD82B86FCB300B619AD /* LaunchScreen.storyboard in Resources */,
				C82CEDD52B86FCB300B619AD /* Assets.xcassets in Resources */,
			);
			runOnlyForDeploymentPostprocessing = 0;
		};
/* End PBXResourcesBuildPhase section */

/* Begin PBXSourcesBuildPhase section */
		C82CEDC12B86FCB200B619AD /* Sources */ = {
			isa = PBXSourcesBuildPhase;
			buildActionMask = 2147483647;
			files = (
				C82CEDE92B86FDE800B619AD /* RunningTimerViewController.swift in Sources */,
				C82CEDD32B86FCB200B619AD /* Run_It.xcdatamodeld in Sources */,
				C879CD072B8AA9B400DBFB82 /* StartRunningViewController.swift in Sources */,
				C879CD052B8880F200DBFB82 /* HalfModal.swift in Sources */,
				C82CEDCD2B86FCB200B619AD /* MainTabBarViewController.swift in Sources */,
				2B98882A2B8C770900B2BC74 /* RecordViewCell.swift in Sources */,
				C82CEDC92B86FCB200B619AD /* AppDelegate.swift in Sources */,
				C879CD092B8B405E00DBFB82 /* RunningTimerManager.swift in Sources */,
				C82CEDE22B86FD7C00B619AD /* RunningMapViewController.swift in Sources */,
				0BF25AC42B8B65A600B0C8CE /* RunningMapView.swift in Sources */,
				C82CEDEB2B86FDF700B619AD /* EventViewController.swift in Sources */,
				C82CEDE42B86FD8800B619AD /* ProfileViewController.swift in Sources */,
				0BF25ACC2B8C724600B0C8CE /* DistanceCollectionViewCell.swift in Sources */,
				C82CEDCB2B86FCB200B619AD /* SceneDelegate.swift in Sources */,
				0BF25AC62B8B73E600B0C8CE /* RunningMapMobel.swift in Sources */,
				0BF25AC82B8BA87900B0C8CE /* AmenitiesViewController.swift in Sources */,
				C879CD032B88807B00DBFB82 /* PauseRunningHalfModalViewController.swift in Sources */,
				C82CEDE02B86FD5100B619AD /* BookmarkViewController.swift in Sources */,
			);
			runOnlyForDeploymentPostprocessing = 0;
		};
/* End PBXSourcesBuildPhase section */

/* Begin PBXVariantGroup section */
		C82CEDD62B86FCB300B619AD /* LaunchScreen.storyboard */ = {
			isa = PBXVariantGroup;
			children = (
				C82CEDD72B86FCB300B619AD /* Base */,
			);
			name = LaunchScreen.storyboard;
			sourceTree = "<group>";
		};
/* End PBXVariantGroup section */

/* Begin XCBuildConfiguration section */
		C82CEDDA2B86FCB300B619AD /* Debug */ = {
			isa = XCBuildConfiguration;
			buildSettings = {
				ALWAYS_SEARCH_USER_PATHS = NO;
				ASSETCATALOG_COMPILER_GENERATE_SWIFT_ASSET_SYMBOL_EXTENSIONS = YES;
				CLANG_ANALYZER_NONNULL = YES;
				CLANG_ANALYZER_NUMBER_OBJECT_CONVERSION = YES_AGGRESSIVE;
				CLANG_CXX_LANGUAGE_STANDARD = "gnu++20";
				CLANG_ENABLE_MODULES = YES;
				CLANG_ENABLE_OBJC_ARC = YES;
				CLANG_ENABLE_OBJC_WEAK = YES;
				CLANG_WARN_BLOCK_CAPTURE_AUTORELEASING = YES;
				CLANG_WARN_BOOL_CONVERSION = YES;
				CLANG_WARN_COMMA = YES;
				CLANG_WARN_CONSTANT_CONVERSION = YES;
				CLANG_WARN_DEPRECATED_OBJC_IMPLEMENTATIONS = YES;
				CLANG_WARN_DIRECT_OBJC_ISA_USAGE = YES_ERROR;
				CLANG_WARN_DOCUMENTATION_COMMENTS = YES;
				CLANG_WARN_EMPTY_BODY = YES;
				CLANG_WARN_ENUM_CONVERSION = YES;
				CLANG_WARN_INFINITE_RECURSION = YES;
				CLANG_WARN_INT_CONVERSION = YES;
				CLANG_WARN_NON_LITERAL_NULL_CONVERSION = YES;
				CLANG_WARN_OBJC_IMPLICIT_RETAIN_SELF = YES;
				CLANG_WARN_OBJC_LITERAL_CONVERSION = YES;
				CLANG_WARN_OBJC_ROOT_CLASS = YES_ERROR;
				CLANG_WARN_QUOTED_INCLUDE_IN_FRAMEWORK_HEADER = YES;
				CLANG_WARN_RANGE_LOOP_ANALYSIS = YES;
				CLANG_WARN_STRICT_PROTOTYPES = YES;
				CLANG_WARN_SUSPICIOUS_MOVE = YES;
				CLANG_WARN_UNGUARDED_AVAILABILITY = YES_AGGRESSIVE;
				CLANG_WARN_UNREACHABLE_CODE = YES;
				CLANG_WARN__DUPLICATE_METHOD_MATCH = YES;
				COPY_PHASE_STRIP = NO;
				DEBUG_INFORMATION_FORMAT = dwarf;
				ENABLE_STRICT_OBJC_MSGSEND = YES;
				ENABLE_TESTABILITY = YES;
				ENABLE_USER_SCRIPT_SANDBOXING = YES;
				GCC_C_LANGUAGE_STANDARD = gnu17;
				GCC_DYNAMIC_NO_PIC = NO;
				GCC_NO_COMMON_BLOCKS = YES;
				GCC_OPTIMIZATION_LEVEL = 0;
				GCC_PREPROCESSOR_DEFINITIONS = (
					"DEBUG=1",
					"$(inherited)",
				);
				GCC_WARN_64_TO_32_BIT_CONVERSION = YES;
				GCC_WARN_ABOUT_RETURN_TYPE = YES_ERROR;
				GCC_WARN_UNDECLARED_SELECTOR = YES;
				GCC_WARN_UNINITIALIZED_AUTOS = YES_AGGRESSIVE;
				GCC_WARN_UNUSED_FUNCTION = YES;
				GCC_WARN_UNUSED_VARIABLE = YES;
				IPHONEOS_DEPLOYMENT_TARGET = 15.0;
				LOCALIZATION_PREFERS_STRING_CATALOGS = YES;
				MTL_ENABLE_DEBUG_INFO = INCLUDE_SOURCE;
				MTL_FAST_MATH = YES;
				ONLY_ACTIVE_ARCH = YES;
				SDKROOT = iphoneos;
				SWIFT_ACTIVE_COMPILATION_CONDITIONS = "DEBUG $(inherited)";
				SWIFT_OPTIMIZATION_LEVEL = "-Onone";
			};
			name = Debug;
		};
		C82CEDDB2B86FCB300B619AD /* Release */ = {
			isa = XCBuildConfiguration;
			buildSettings = {
				ALWAYS_SEARCH_USER_PATHS = NO;
				ASSETCATALOG_COMPILER_GENERATE_SWIFT_ASSET_SYMBOL_EXTENSIONS = YES;
				CLANG_ANALYZER_NONNULL = YES;
				CLANG_ANALYZER_NUMBER_OBJECT_CONVERSION = YES_AGGRESSIVE;
				CLANG_CXX_LANGUAGE_STANDARD = "gnu++20";
				CLANG_ENABLE_MODULES = YES;
				CLANG_ENABLE_OBJC_ARC = YES;
				CLANG_ENABLE_OBJC_WEAK = YES;
				CLANG_WARN_BLOCK_CAPTURE_AUTORELEASING = YES;
				CLANG_WARN_BOOL_CONVERSION = YES;
				CLANG_WARN_COMMA = YES;
				CLANG_WARN_CONSTANT_CONVERSION = YES;
				CLANG_WARN_DEPRECATED_OBJC_IMPLEMENTATIONS = YES;
				CLANG_WARN_DIRECT_OBJC_ISA_USAGE = YES_ERROR;
				CLANG_WARN_DOCUMENTATION_COMMENTS = YES;
				CLANG_WARN_EMPTY_BODY = YES;
				CLANG_WARN_ENUM_CONVERSION = YES;
				CLANG_WARN_INFINITE_RECURSION = YES;
				CLANG_WARN_INT_CONVERSION = YES;
				CLANG_WARN_NON_LITERAL_NULL_CONVERSION = YES;
				CLANG_WARN_OBJC_IMPLICIT_RETAIN_SELF = YES;
				CLANG_WARN_OBJC_LITERAL_CONVERSION = YES;
				CLANG_WARN_OBJC_ROOT_CLASS = YES_ERROR;
				CLANG_WARN_QUOTED_INCLUDE_IN_FRAMEWORK_HEADER = YES;
				CLANG_WARN_RANGE_LOOP_ANALYSIS = YES;
				CLANG_WARN_STRICT_PROTOTYPES = YES;
				CLANG_WARN_SUSPICIOUS_MOVE = YES;
				CLANG_WARN_UNGUARDED_AVAILABILITY = YES_AGGRESSIVE;
				CLANG_WARN_UNREACHABLE_CODE = YES;
				CLANG_WARN__DUPLICATE_METHOD_MATCH = YES;
				COPY_PHASE_STRIP = NO;
				DEBUG_INFORMATION_FORMAT = "dwarf-with-dsym";
				ENABLE_NS_ASSERTIONS = NO;
				ENABLE_STRICT_OBJC_MSGSEND = YES;
				ENABLE_USER_SCRIPT_SANDBOXING = YES;
				GCC_C_LANGUAGE_STANDARD = gnu17;
				GCC_NO_COMMON_BLOCKS = YES;
				GCC_WARN_64_TO_32_BIT_CONVERSION = YES;
				GCC_WARN_ABOUT_RETURN_TYPE = YES_ERROR;
				GCC_WARN_UNDECLARED_SELECTOR = YES;
				GCC_WARN_UNINITIALIZED_AUTOS = YES_AGGRESSIVE;
				GCC_WARN_UNUSED_FUNCTION = YES;
				GCC_WARN_UNUSED_VARIABLE = YES;
				IPHONEOS_DEPLOYMENT_TARGET = 15.0;
				LOCALIZATION_PREFERS_STRING_CATALOGS = YES;
				MTL_ENABLE_DEBUG_INFO = NO;
				MTL_FAST_MATH = YES;
				SDKROOT = iphoneos;
				SWIFT_COMPILATION_MODE = wholemodule;
				VALIDATE_PRODUCT = YES;
			};
			name = Release;
		};
		C82CEDDD2B86FCB300B619AD /* Debug */ = {
			isa = XCBuildConfiguration;
			buildSettings = {
				ASSETCATALOG_COMPILER_APPICON_NAME = AppIcon;
				ASSETCATALOG_COMPILER_GLOBAL_ACCENT_COLOR_NAME = AccentColor;
				CODE_SIGN_STYLE = Automatic;
				CURRENT_PROJECT_VERSION = 1;
				DEVELOPMENT_TEAM = 335MYJGX88;
				GENERATE_INFOPLIST_FILE = YES;
				INFOPLIST_FILE = "Run-It/Info.plist";
				INFOPLIST_KEY_UIApplicationSupportsIndirectInputEvents = YES;
				INFOPLIST_KEY_UILaunchStoryboardName = LaunchScreen;
				INFOPLIST_KEY_UISupportedInterfaceOrientations_iPad = "UIInterfaceOrientationPortrait UIInterfaceOrientationPortraitUpsideDown UIInterfaceOrientationLandscapeLeft UIInterfaceOrientationLandscapeRight";
				INFOPLIST_KEY_UISupportedInterfaceOrientations_iPhone = "UIInterfaceOrientationPortrait UIInterfaceOrientationLandscapeLeft UIInterfaceOrientationLandscapeRight";
				LD_RUNPATH_SEARCH_PATHS = (
					"$(inherited)",
					"@executable_path/Frameworks",
				);
				MARKETING_VERSION = 1.0;
				PRODUCT_BUNDLE_IDENTIFIER = "com.team5.Run-It";
				PRODUCT_NAME = "$(TARGET_NAME)";
				SWIFT_EMIT_LOC_STRINGS = YES;
				SWIFT_VERSION = 5.0;
				TARGETED_DEVICE_FAMILY = "1,2";
			};
			name = Debug;
		};
		C82CEDDE2B86FCB300B619AD /* Release */ = {
			isa = XCBuildConfiguration;
			buildSettings = {
				ASSETCATALOG_COMPILER_APPICON_NAME = AppIcon;
				ASSETCATALOG_COMPILER_GLOBAL_ACCENT_COLOR_NAME = AccentColor;
				CODE_SIGN_STYLE = Automatic;
				CURRENT_PROJECT_VERSION = 1;
				DEVELOPMENT_TEAM = 335MYJGX88;
				GENERATE_INFOPLIST_FILE = YES;
				INFOPLIST_FILE = "Run-It/Info.plist";
				INFOPLIST_KEY_UIApplicationSupportsIndirectInputEvents = YES;
				INFOPLIST_KEY_UILaunchStoryboardName = LaunchScreen;
				INFOPLIST_KEY_UISupportedInterfaceOrientations_iPad = "UIInterfaceOrientationPortrait UIInterfaceOrientationPortraitUpsideDown UIInterfaceOrientationLandscapeLeft UIInterfaceOrientationLandscapeRight";
				INFOPLIST_KEY_UISupportedInterfaceOrientations_iPhone = "UIInterfaceOrientationPortrait UIInterfaceOrientationLandscapeLeft UIInterfaceOrientationLandscapeRight";
				LD_RUNPATH_SEARCH_PATHS = (
					"$(inherited)",
					"@executable_path/Frameworks",
				);
				MARKETING_VERSION = 1.0;
				PRODUCT_BUNDLE_IDENTIFIER = "com.team5.Run-It";
				PRODUCT_NAME = "$(TARGET_NAME)";
				SWIFT_EMIT_LOC_STRINGS = YES;
				SWIFT_VERSION = 5.0;
				TARGETED_DEVICE_FAMILY = "1,2";
			};
			name = Release;
		};
/* End XCBuildConfiguration section */

/* Begin XCConfigurationList section */
		C82CEDC02B86FCB200B619AD /* Build configuration list for PBXProject "Run-It" */ = {
			isa = XCConfigurationList;
			buildConfigurations = (
				C82CEDDA2B86FCB300B619AD /* Debug */,
				C82CEDDB2B86FCB300B619AD /* Release */,
			);
			defaultConfigurationIsVisible = 0;
			defaultConfigurationName = Release;
		};
		C82CEDDC2B86FCB300B619AD /* Build configuration list for PBXNativeTarget "Run-It" */ = {
			isa = XCConfigurationList;
			buildConfigurations = (
				C82CEDDD2B86FCB300B619AD /* Debug */,
				C82CEDDE2B86FCB300B619AD /* Release */,
			);
			defaultConfigurationIsVisible = 0;
			defaultConfigurationName = Release;
		};
/* End XCConfigurationList section */

/* Begin XCRemoteSwiftPackageReference section */
		C8D903ED2B8731870008C15E /* XCRemoteSwiftPackageReference "kakao-ios-sdk" */ = {
			isa = XCRemoteSwiftPackageReference;
			repositoryURL = "https://github.com/kakao/kakao-ios-sdk";
			requirement = {
				kind = upToNextMajorVersion;
				minimumVersion = 2.20.0;
			};
		};
		C8D903FA2B8731AB0008C15E /* XCRemoteSwiftPackageReference "SnapKit" */ = {
			isa = XCRemoteSwiftPackageReference;
			repositoryURL = "https://github.com/SnapKit/SnapKit.git";
			requirement = {
				kind = upToNextMajorVersion;
				minimumVersion = 5.7.1;
			};
		};
/* End XCRemoteSwiftPackageReference section */

/* Begin XCSwiftPackageProductDependency section */
		C8D903EE2B8731870008C15E /* KakaoSDK */ = {
			isa = XCSwiftPackageProductDependency;
			package = C8D903ED2B8731870008C15E /* XCRemoteSwiftPackageReference "kakao-ios-sdk" */;
			productName = KakaoSDK;
		};
		C8D903F02B8731870008C15E /* KakaoSDKAuth */ = {
			isa = XCSwiftPackageProductDependency;
			package = C8D903ED2B8731870008C15E /* XCRemoteSwiftPackageReference "kakao-ios-sdk" */;
			productName = KakaoSDKAuth;
		};
		C8D903F22B8731870008C15E /* KakaoSDKCert */ = {
			isa = XCSwiftPackageProductDependency;
			package = C8D903ED2B8731870008C15E /* XCRemoteSwiftPackageReference "kakao-ios-sdk" */;
			productName = KakaoSDKCert;
		};
		C8D903F42B8731870008C15E /* KakaoSDKCertCore */ = {
			isa = XCSwiftPackageProductDependency;
			package = C8D903ED2B8731870008C15E /* XCRemoteSwiftPackageReference "kakao-ios-sdk" */;
			productName = KakaoSDKCertCore;
		};
		C8D903F62B8731870008C15E /* KakaoSDKCommon */ = {
			isa = XCSwiftPackageProductDependency;
			package = C8D903ED2B8731870008C15E /* XCRemoteSwiftPackageReference "kakao-ios-sdk" */;
			productName = KakaoSDKCommon;
		};
		C8D903F82B8731870008C15E /* KakaoSDKFriend */ = {
			isa = XCSwiftPackageProductDependency;
			package = C8D903ED2B8731870008C15E /* XCRemoteSwiftPackageReference "kakao-ios-sdk" */;
			productName = KakaoSDKFriend;
		};
		C8D903FB2B8731AB0008C15E /* SnapKit */ = {
			isa = XCSwiftPackageProductDependency;
			package = C8D903FA2B8731AB0008C15E /* XCRemoteSwiftPackageReference "SnapKit" */;
			productName = SnapKit;
		};
		C8D903FD2B8731AB0008C15E /* SnapKit-Dynamic */ = {
			isa = XCSwiftPackageProductDependency;
			package = C8D903FA2B8731AB0008C15E /* XCRemoteSwiftPackageReference "SnapKit" */;
			productName = "SnapKit-Dynamic";
		};
/* End XCSwiftPackageProductDependency section */

/* Begin XCVersionGroup section */
		C82CEDD12B86FCB200B619AD /* Run_It.xcdatamodeld */ = {
			isa = XCVersionGroup;
			children = (
				C82CEDD22B86FCB200B619AD /* Run_It.xcdatamodel */,
			);
			currentVersion = C82CEDD22B86FCB200B619AD /* Run_It.xcdatamodel */;
			path = Run_It.xcdatamodeld;
			sourceTree = "<group>";
			versionGroupType = wrapper.xcdatamodel;
		};
/* End XCVersionGroup section */
	};
	rootObject = C82CEDBD2B86FCB200B619AD /* Project object */;
}
