// !$*UTF8*$!
{
	archiveVersion = 1;
	classes = {
	};
	objectVersion = 56;
	objects = {

/* Begin PBXBuildFile section */
		0BF25AC62B8B73E600B0C8CE /* RunningMapModel.swift in Sources */ = {isa = PBXBuildFile; fileRef = 0BF25AC52B8B73E600B0C8CE /* RunningMapModel.swift */; };
		0BF25AC82B8BA87900B0C8CE /* StoreViewController.swift in Sources */ = {isa = PBXBuildFile; fileRef = 0BF25AC72B8BA87900B0C8CE /* StoreViewController.swift */; };
		0BF25ACC2B8C724600B0C8CE /* StoreTableViewCell.swift in Sources */ = {isa = PBXBuildFile; fileRef = 0BF25ACB2B8C724600B0C8CE /* StoreTableViewCell.swift */; };
		2B03B6D32B95D54F009F237A /* FavoriteViewCell.swift in Sources */ = {isa = PBXBuildFile; fileRef = 2B03B6D22B95D54F009F237A /* FavoriteViewCell.swift */; };
		2B4652F92B96B64F0040B146 /* RunningRecordViewModel.swift in Sources */ = {isa = PBXBuildFile; fileRef = 2B4652F82B96B64F0040B146 /* RunningRecordViewModel.swift */; };
		2B46533D2B97527D0040B146 /* ProfileViewController.swift in Sources */ = {isa = PBXBuildFile; fileRef = 2B46533C2B97527D0040B146 /* ProfileViewController.swift */; };
		2B46533F2B9752D60040B146 /* EventViewController.swift in Sources */ = {isa = PBXBuildFile; fileRef = 2B46533E2B9752D60040B146 /* EventViewController.swift */; };
		2B4653562B99E9DD0040B146 /* FavoritesViewModel.swift in Sources */ = {isa = PBXBuildFile; fileRef = 2B4653552B99E9DD0040B146 /* FavoritesViewModel.swift */; };
		2B46535A2B9B1D2D0040B146 /* MapSnapshotManager.swift in Sources */ = {isa = PBXBuildFile; fileRef = 2B4653592B9B1D2D0040B146 /* MapSnapshotManager.swift */; };
		2B9888242B8B76A300B2BC74 /* EventViewCell.swift in Sources */ = {isa = PBXBuildFile; fileRef = 2B9888232B8B76A300B2BC74 /* EventViewCell.swift */; };
		2B98882A2B8C770900B2BC74 /* RecordViewCell.swift in Sources */ = {isa = PBXBuildFile; fileRef = 2B9888292B8C770900B2BC74 /* RecordViewCell.swift */; };
		2B9888472B904D8500B2BC74 /* RunningRecordViewController.swift in Sources */ = {isa = PBXBuildFile; fileRef = 2B9888462B904D8500B2BC74 /* RunningRecordViewController.swift */; };
		2B9888552B90C7AC00B2BC74 /* CoreDataManager.swift in Sources */ = {isa = PBXBuildFile; fileRef = 2B9888542B90C7AC00B2BC74 /* CoreDataManager.swift */; };
		6C7A43E32B8C903100A14291 /* LoginViewController.swift in Sources */ = {isa = PBXBuildFile; fileRef = 6C7A43E22B8C903100A14291 /* LoginViewController.swift */; };
		6C7A43E52B8C904500A14291 /* SignUpViewController.swift in Sources */ = {isa = PBXBuildFile; fileRef = 6C7A43E42B8C904500A14291 /* SignUpViewController.swift */; };
		6CBBE2A12B8DB7C100F909EE /* FirebaseAnalytics in Frameworks */ = {isa = PBXBuildFile; productRef = 6CBBE2A02B8DB7C100F909EE /* FirebaseAnalytics */; };
		6CBBE2A32B8DB7C100F909EE /* FirebaseAnalyticsOnDeviceConversion in Frameworks */ = {isa = PBXBuildFile; productRef = 6CBBE2A22B8DB7C100F909EE /* FirebaseAnalyticsOnDeviceConversion */; };
		6CBBE2A52B8DB7C100F909EE /* FirebaseAnalyticsSwift in Frameworks */ = {isa = PBXBuildFile; productRef = 6CBBE2A42B8DB7C100F909EE /* FirebaseAnalyticsSwift */; };
		6CBBE2A72B8DB7C100F909EE /* FirebaseAnalyticsWithoutAdIdSupport in Frameworks */ = {isa = PBXBuildFile; productRef = 6CBBE2A62B8DB7C100F909EE /* FirebaseAnalyticsWithoutAdIdSupport */; };
		6CBBE2A92B8DB7C100F909EE /* FirebaseAppCheck in Frameworks */ = {isa = PBXBuildFile; productRef = 6CBBE2A82B8DB7C100F909EE /* FirebaseAppCheck */; };
		6CBBE2AB2B8DB7C100F909EE /* FirebaseAppDistribution-Beta in Frameworks */ = {isa = PBXBuildFile; productRef = 6CBBE2AA2B8DB7C100F909EE /* FirebaseAppDistribution-Beta */; };
		6CBBE2AD2B8DB7C100F909EE /* FirebaseAuth in Frameworks */ = {isa = PBXBuildFile; productRef = 6CBBE2AC2B8DB7C100F909EE /* FirebaseAuth */; };
		6CBBE2AF2B8DB7C100F909EE /* FirebaseAuthCombine-Community in Frameworks */ = {isa = PBXBuildFile; productRef = 6CBBE2AE2B8DB7C100F909EE /* FirebaseAuthCombine-Community */; };
		6CBBE2B12B8DB7C100F909EE /* FirebaseCrashlytics in Frameworks */ = {isa = PBXBuildFile; productRef = 6CBBE2B02B8DB7C100F909EE /* FirebaseCrashlytics */; };
		6CBBE2B32B8DB7C100F909EE /* FirebaseDatabase in Frameworks */ = {isa = PBXBuildFile; productRef = 6CBBE2B22B8DB7C100F909EE /* FirebaseDatabase */; };
		6CBBE2B52B8DB7C100F909EE /* FirebaseDatabaseSwift in Frameworks */ = {isa = PBXBuildFile; productRef = 6CBBE2B42B8DB7C100F909EE /* FirebaseDatabaseSwift */; };
		6CBBE2B72B8DB7C100F909EE /* FirebaseDynamicLinks in Frameworks */ = {isa = PBXBuildFile; productRef = 6CBBE2B62B8DB7C100F909EE /* FirebaseDynamicLinks */; };
		6CBBE2B92B8DB7C100F909EE /* FirebaseFirestore in Frameworks */ = {isa = PBXBuildFile; productRef = 6CBBE2B82B8DB7C100F909EE /* FirebaseFirestore */; };
		6CBBE2BB2B8DB7C100F909EE /* FirebaseFirestoreCombine-Community in Frameworks */ = {isa = PBXBuildFile; productRef = 6CBBE2BA2B8DB7C100F909EE /* FirebaseFirestoreCombine-Community */; };
		6CBBE2BD2B8DB7C100F909EE /* FirebaseFirestoreSwift in Frameworks */ = {isa = PBXBuildFile; productRef = 6CBBE2BC2B8DB7C100F909EE /* FirebaseFirestoreSwift */; };
		6CBBE2BF2B8DB7C100F909EE /* FirebaseFunctions in Frameworks */ = {isa = PBXBuildFile; productRef = 6CBBE2BE2B8DB7C100F909EE /* FirebaseFunctions */; };
		6CBBE2C12B8DB7C100F909EE /* FirebaseFunctionsCombine-Community in Frameworks */ = {isa = PBXBuildFile; productRef = 6CBBE2C02B8DB7C100F909EE /* FirebaseFunctionsCombine-Community */; };
		6CBBE2C32B8DB7C100F909EE /* FirebaseInAppMessaging-Beta in Frameworks */ = {isa = PBXBuildFile; productRef = 6CBBE2C22B8DB7C100F909EE /* FirebaseInAppMessaging-Beta */; };
		6CBBE2C52B8DB7C100F909EE /* FirebaseInAppMessagingSwift-Beta in Frameworks */ = {isa = PBXBuildFile; productRef = 6CBBE2C42B8DB7C100F909EE /* FirebaseInAppMessagingSwift-Beta */; };
		6CBBE2C72B8DB7C100F909EE /* FirebaseInstallations in Frameworks */ = {isa = PBXBuildFile; productRef = 6CBBE2C62B8DB7C100F909EE /* FirebaseInstallations */; };
		6CBBE2C92B8DB7C100F909EE /* FirebaseMLModelDownloader in Frameworks */ = {isa = PBXBuildFile; productRef = 6CBBE2C82B8DB7C100F909EE /* FirebaseMLModelDownloader */; };
		6CBBE2CB2B8DB7C100F909EE /* FirebaseMessaging in Frameworks */ = {isa = PBXBuildFile; productRef = 6CBBE2CA2B8DB7C100F909EE /* FirebaseMessaging */; };
		6CBBE2CD2B8DB7C100F909EE /* FirebasePerformance in Frameworks */ = {isa = PBXBuildFile; productRef = 6CBBE2CC2B8DB7C100F909EE /* FirebasePerformance */; };
		6CBBE2CF2B8DB7C100F909EE /* FirebaseRemoteConfig in Frameworks */ = {isa = PBXBuildFile; productRef = 6CBBE2CE2B8DB7C100F909EE /* FirebaseRemoteConfig */; };
		6CBBE2D12B8DB7C100F909EE /* FirebaseRemoteConfigSwift in Frameworks */ = {isa = PBXBuildFile; productRef = 6CBBE2D02B8DB7C100F909EE /* FirebaseRemoteConfigSwift */; };
		6CBBE2D32B8DB7C100F909EE /* FirebaseStorage in Frameworks */ = {isa = PBXBuildFile; productRef = 6CBBE2D22B8DB7C100F909EE /* FirebaseStorage */; };
		6CBBE2D52B8DB7C100F909EE /* FirebaseStorageCombine-Community in Frameworks */ = {isa = PBXBuildFile; productRef = 6CBBE2D42B8DB7C100F909EE /* FirebaseStorageCombine-Community */; };
		6CBC73292BA9824F008271D6 /* SwiftJWT in Frameworks */ = {isa = PBXBuildFile; productRef = 6CBC73282BA9824F008271D6 /* SwiftJWT */; };
		6CF4D5FE2B90669A0069A9B2 /* SignupVM.swift in Sources */ = {isa = PBXBuildFile; fileRef = 6CF4D5FD2B9066990069A9B2 /* SignupVM.swift */; };
		6CF4D6002B9073A10069A9B2 /* LoginVM.swift in Sources */ = {isa = PBXBuildFile; fileRef = 6CF4D5FF2B9073A10069A9B2 /* LoginVM.swift */; };
		C82CEDC92B86FCB200B619AD /* AppDelegate.swift in Sources */ = {isa = PBXBuildFile; fileRef = C82CEDC82B86FCB200B619AD /* AppDelegate.swift */; };
		C82CEDCB2B86FCB200B619AD /* SceneDelegate.swift in Sources */ = {isa = PBXBuildFile; fileRef = C82CEDCA2B86FCB200B619AD /* SceneDelegate.swift */; };
		C82CEDCD2B86FCB200B619AD /* MainTabBarViewController.swift in Sources */ = {isa = PBXBuildFile; fileRef = C82CEDCC2B86FCB200B619AD /* MainTabBarViewController.swift */; };
		C82CEDD32B86FCB200B619AD /* Run_It.xcdatamodeld in Sources */ = {isa = PBXBuildFile; fileRef = C82CEDD12B86FCB200B619AD /* Run_It.xcdatamodeld */; };
		C82CEDD52B86FCB300B619AD /* Assets.xcassets in Resources */ = {isa = PBXBuildFile; fileRef = C82CEDD42B86FCB300B619AD /* Assets.xcassets */; };
		C82CEDD82B86FCB300B619AD /* LaunchScreen.storyboard in Resources */ = {isa = PBXBuildFile; fileRef = C82CEDD62B86FCB300B619AD /* LaunchScreen.storyboard */; };
		C82CEDE02B86FD5100B619AD /* BookmarkViewController.swift in Sources */ = {isa = PBXBuildFile; fileRef = C82CEDDF2B86FD5100B619AD /* BookmarkViewController.swift */; };
		C82CEDE22B86FD7C00B619AD /* RunningMapViewController.swift in Sources */ = {isa = PBXBuildFile; fileRef = C82CEDE12B86FD7C00B619AD /* RunningMapViewController.swift */; };
		C82CEDE92B86FDE800B619AD /* RunningTimerViewController.swift in Sources */ = {isa = PBXBuildFile; fileRef = C82CEDE82B86FDE800B619AD /* RunningTimerViewController.swift */; };
		C83F1FC02B9959EC00D309CC /* RunningTimerToMapViewPageController.swift in Sources */ = {isa = PBXBuildFile; fileRef = C83F1FBF2B9959EC00D309CC /* RunningTimerToMapViewPageController.swift */; };
		C85561412B9F19E9004CA358 /* SnapKit in Frameworks */ = {isa = PBXBuildFile; productRef = C85561402B9F19E9004CA358 /* SnapKit */; };
		C85561432B9F2FB1004CA358 /* GoogleService-Info.plist in Resources */ = {isa = PBXBuildFile; fileRef = C85561422B9F2FB1004CA358 /* GoogleService-Info.plist */; };
		C879CD032B88807B00DBFB82 /* PauseRunningHalfModalViewController.swift in Sources */ = {isa = PBXBuildFile; fileRef = C879CD022B88807B00DBFB82 /* PauseRunningHalfModalViewController.swift */; };
		C879CD052B8880F200DBFB82 /* PauseViewHalfModal.swift in Sources */ = {isa = PBXBuildFile; fileRef = C879CD042B8880F200DBFB82 /* PauseViewHalfModal.swift */; };
		C879CD072B8AA9B400DBFB82 /* StartRunningViewController.swift in Sources */ = {isa = PBXBuildFile; fileRef = C879CD062B8AA9B400DBFB82 /* StartRunningViewController.swift */; };
		C879CD092B8B405E00DBFB82 /* RunningTimerLocationManager.swift in Sources */ = {isa = PBXBuildFile; fileRef = C879CD082B8B405E00DBFB82 /* RunningTimerLocationManager.swift */; };
		C87BF1122BA194320066073C /* WeatherViewModel.swift in Sources */ = {isa = PBXBuildFile; fileRef = C87BF1112BA194320066073C /* WeatherViewModel.swift */; };
		C893A7232B955B0E00D5466E /* RunningTimerManager.swift in Sources */ = {isa = PBXBuildFile; fileRef = C893A7222B955B0E00D5466E /* RunningTimerManager.swift */; };
		C8A362FC2B95BFB7006D551E /* StoreViewHalfModal.swift in Sources */ = {isa = PBXBuildFile; fileRef = C8A362FB2B95BFB7006D551E /* StoreViewHalfModal.swift */; };
		C8D903EF2B8731870008C15E /* KakaoSDK in Frameworks */ = {isa = PBXBuildFile; productRef = C8D903EE2B8731870008C15E /* KakaoSDK */; };
		C8D903F12B8731870008C15E /* KakaoSDKAuth in Frameworks */ = {isa = PBXBuildFile; productRef = C8D903F02B8731870008C15E /* KakaoSDKAuth */; };
		C8D903F32B8731870008C15E /* KakaoSDKCert in Frameworks */ = {isa = PBXBuildFile; productRef = C8D903F22B8731870008C15E /* KakaoSDKCert */; };
		C8D903F52B8731870008C15E /* KakaoSDKCertCore in Frameworks */ = {isa = PBXBuildFile; productRef = C8D903F42B8731870008C15E /* KakaoSDKCertCore */; };
		C8D903F72B8731870008C15E /* KakaoSDKCommon in Frameworks */ = {isa = PBXBuildFile; productRef = C8D903F62B8731870008C15E /* KakaoSDKCommon */; };
		C8D903F92B8731870008C15E /* KakaoSDKFriend in Frameworks */ = {isa = PBXBuildFile; productRef = C8D903F82B8731870008C15E /* KakaoSDKFriend */; };
/* End PBXBuildFile section */

/* Begin PBXFileReference section */
		0BF25AC52B8B73E600B0C8CE /* RunningMapModel.swift */ = {isa = PBXFileReference; lastKnownFileType = sourcecode.swift; path = RunningMapModel.swift; sourceTree = "<group>"; };
		0BF25AC72B8BA87900B0C8CE /* StoreViewController.swift */ = {isa = PBXFileReference; lastKnownFileType = sourcecode.swift; path = StoreViewController.swift; sourceTree = "<group>"; };
		0BF25ACB2B8C724600B0C8CE /* StoreTableViewCell.swift */ = {isa = PBXFileReference; lastKnownFileType = sourcecode.swift; path = StoreTableViewCell.swift; sourceTree = "<group>"; };
		2B03B6D22B95D54F009F237A /* FavoriteViewCell.swift */ = {isa = PBXFileReference; lastKnownFileType = sourcecode.swift; path = FavoriteViewCell.swift; sourceTree = "<group>"; };
		2B4652F82B96B64F0040B146 /* RunningRecordViewModel.swift */ = {isa = PBXFileReference; lastKnownFileType = sourcecode.swift; path = RunningRecordViewModel.swift; sourceTree = "<group>"; };
		2B46533C2B97527D0040B146 /* ProfileViewController.swift */ = {isa = PBXFileReference; fileEncoding = 4; lastKnownFileType = sourcecode.swift; path = ProfileViewController.swift; sourceTree = "<group>"; };
		2B46533E2B9752D60040B146 /* EventViewController.swift */ = {isa = PBXFileReference; fileEncoding = 4; lastKnownFileType = sourcecode.swift; path = EventViewController.swift; sourceTree = "<group>"; };
		2B4653552B99E9DD0040B146 /* FavoritesViewModel.swift */ = {isa = PBXFileReference; lastKnownFileType = sourcecode.swift; path = FavoritesViewModel.swift; sourceTree = "<group>"; };
		2B4653592B9B1D2D0040B146 /* MapSnapshotManager.swift */ = {isa = PBXFileReference; lastKnownFileType = sourcecode.swift; path = MapSnapshotManager.swift; sourceTree = "<group>"; };
		2B9888232B8B76A300B2BC74 /* EventViewCell.swift */ = {isa = PBXFileReference; lastKnownFileType = sourcecode.swift; path = EventViewCell.swift; sourceTree = "<group>"; };
		2B9888292B8C770900B2BC74 /* RecordViewCell.swift */ = {isa = PBXFileReference; lastKnownFileType = sourcecode.swift; path = RecordViewCell.swift; sourceTree = "<group>"; };
		2B9888462B904D8500B2BC74 /* RunningRecordViewController.swift */ = {isa = PBXFileReference; lastKnownFileType = sourcecode.swift; path = RunningRecordViewController.swift; sourceTree = "<group>"; };
		2B9888542B90C7AC00B2BC74 /* CoreDataManager.swift */ = {isa = PBXFileReference; lastKnownFileType = sourcecode.swift; path = CoreDataManager.swift; sourceTree = "<group>"; };
		6C7A43E22B8C903100A14291 /* LoginViewController.swift */ = {isa = PBXFileReference; lastKnownFileType = sourcecode.swift; path = LoginViewController.swift; sourceTree = "<group>"; };
		6C7A43E42B8C904500A14291 /* SignUpViewController.swift */ = {isa = PBXFileReference; lastKnownFileType = sourcecode.swift; path = SignUpViewController.swift; sourceTree = "<group>"; };
		6CF4D5FD2B9066990069A9B2 /* SignupVM.swift */ = {isa = PBXFileReference; lastKnownFileType = sourcecode.swift; path = SignupVM.swift; sourceTree = "<group>"; };
		6CF4D5FF2B9073A10069A9B2 /* LoginVM.swift */ = {isa = PBXFileReference; lastKnownFileType = sourcecode.swift; path = LoginVM.swift; sourceTree = "<group>"; };
		C82CEDC52B86FCB200B619AD /* Run-It.app */ = {isa = PBXFileReference; explicitFileType = wrapper.application; includeInIndex = 0; path = "Run-It.app"; sourceTree = BUILT_PRODUCTS_DIR; };
		C82CEDC82B86FCB200B619AD /* AppDelegate.swift */ = {isa = PBXFileReference; lastKnownFileType = sourcecode.swift; path = AppDelegate.swift; sourceTree = "<group>"; };
		C82CEDCA2B86FCB200B619AD /* SceneDelegate.swift */ = {isa = PBXFileReference; lastKnownFileType = sourcecode.swift; path = SceneDelegate.swift; sourceTree = "<group>"; };
		C82CEDCC2B86FCB200B619AD /* MainTabBarViewController.swift */ = {isa = PBXFileReference; lastKnownFileType = sourcecode.swift; path = MainTabBarViewController.swift; sourceTree = "<group>"; };
		C82CEDD22B86FCB200B619AD /* Run_It.xcdatamodel */ = {isa = PBXFileReference; lastKnownFileType = wrapper.xcdatamodel; path = Run_It.xcdatamodel; sourceTree = "<group>"; };
		C82CEDD42B86FCB300B619AD /* Assets.xcassets */ = {isa = PBXFileReference; lastKnownFileType = folder.assetcatalog; path = Assets.xcassets; sourceTree = "<group>"; };
		C82CEDD72B86FCB300B619AD /* Base */ = {isa = PBXFileReference; lastKnownFileType = file.storyboard; name = Base; path = Base.lproj/LaunchScreen.storyboard; sourceTree = "<group>"; };
		C82CEDD92B86FCB300B619AD /* Info.plist */ = {isa = PBXFileReference; lastKnownFileType = text.plist.xml; path = Info.plist; sourceTree = "<group>"; };
		C82CEDDF2B86FD5100B619AD /* BookmarkViewController.swift */ = {isa = PBXFileReference; lastKnownFileType = sourcecode.swift; path = BookmarkViewController.swift; sourceTree = "<group>"; };
		C82CEDE12B86FD7C00B619AD /* RunningMapViewController.swift */ = {isa = PBXFileReference; lastKnownFileType = sourcecode.swift; path = RunningMapViewController.swift; sourceTree = "<group>"; };
		C82CEDE82B86FDE800B619AD /* RunningTimerViewController.swift */ = {isa = PBXFileReference; lastKnownFileType = sourcecode.swift; path = RunningTimerViewController.swift; sourceTree = "<group>"; };
		C83F1FBF2B9959EC00D309CC /* RunningTimerToMapViewPageController.swift */ = {isa = PBXFileReference; lastKnownFileType = sourcecode.swift; path = RunningTimerToMapViewPageController.swift; sourceTree = "<group>"; };
		C85561422B9F2FB1004CA358 /* GoogleService-Info.plist */ = {isa = PBXFileReference; fileEncoding = 4; lastKnownFileType = text.plist.xml; path = "GoogleService-Info.plist"; sourceTree = "<group>"; };
		C879CD022B88807B00DBFB82 /* PauseRunningHalfModalViewController.swift */ = {isa = PBXFileReference; lastKnownFileType = sourcecode.swift; path = PauseRunningHalfModalViewController.swift; sourceTree = "<group>"; };
		C879CD042B8880F200DBFB82 /* PauseViewHalfModal.swift */ = {isa = PBXFileReference; lastKnownFileType = sourcecode.swift; path = PauseViewHalfModal.swift; sourceTree = "<group>"; };
		C879CD062B8AA9B400DBFB82 /* StartRunningViewController.swift */ = {isa = PBXFileReference; lastKnownFileType = sourcecode.swift; path = StartRunningViewController.swift; sourceTree = "<group>"; };
		C879CD082B8B405E00DBFB82 /* RunningTimerLocationManager.swift */ = {isa = PBXFileReference; lastKnownFileType = sourcecode.swift; path = RunningTimerLocationManager.swift; sourceTree = "<group>"; };
		C87BF1102BA193B00066073C /* Run-It.entitlements */ = {isa = PBXFileReference; lastKnownFileType = text.plist.entitlements; path = "Run-It.entitlements"; sourceTree = "<group>"; };
		C87BF1112BA194320066073C /* WeatherViewModel.swift */ = {isa = PBXFileReference; lastKnownFileType = sourcecode.swift; path = WeatherViewModel.swift; sourceTree = "<group>"; };
		C893A7222B955B0E00D5466E /* RunningTimerManager.swift */ = {isa = PBXFileReference; lastKnownFileType = sourcecode.swift; path = RunningTimerManager.swift; sourceTree = "<group>"; };
		C8A362FB2B95BFB7006D551E /* StoreViewHalfModal.swift */ = {isa = PBXFileReference; lastKnownFileType = sourcecode.swift; path = StoreViewHalfModal.swift; sourceTree = "<group>"; };
/* End PBXFileReference section */

/* Begin PBXFrameworksBuildPhase section */
		C82CEDC22B86FCB200B619AD /* Frameworks */ = {
			isa = PBXFrameworksBuildPhase;
			buildActionMask = 2147483647;
			files = (
				C8D903F52B8731870008C15E /* KakaoSDKCertCore in Frameworks */,
				6CBBE2AD2B8DB7C100F909EE /* FirebaseAuth in Frameworks */,
				6CBBE2A92B8DB7C100F909EE /* FirebaseAppCheck in Frameworks */,
				6CBBE2BF2B8DB7C100F909EE /* FirebaseFunctions in Frameworks */,
				C8D903F32B8731870008C15E /* KakaoSDKCert in Frameworks */,
				C8D903EF2B8731870008C15E /* KakaoSDK in Frameworks */,
				6CBBE2BB2B8DB7C100F909EE /* FirebaseFirestoreCombine-Community in Frameworks */,
				6CBBE2A52B8DB7C100F909EE /* FirebaseAnalyticsSwift in Frameworks */,
				6CBBE2B32B8DB7C100F909EE /* FirebaseDatabase in Frameworks */,
				6CBBE2AB2B8DB7C100F909EE /* FirebaseAppDistribution-Beta in Frameworks */,
				6CBBE2CB2B8DB7C100F909EE /* FirebaseMessaging in Frameworks */,
				C85561412B9F19E9004CA358 /* SnapKit in Frameworks */,
				6CBBE2C92B8DB7C100F909EE /* FirebaseMLModelDownloader in Frameworks */,
				6CBBE2CD2B8DB7C100F909EE /* FirebasePerformance in Frameworks */,
				C8D903F72B8731870008C15E /* KakaoSDKCommon in Frameworks */,
				6CBBE2C32B8DB7C100F909EE /* FirebaseInAppMessaging-Beta in Frameworks */,
				6CBBE2C12B8DB7C100F909EE /* FirebaseFunctionsCombine-Community in Frameworks */,
				6CBBE2C72B8DB7C100F909EE /* FirebaseInstallations in Frameworks */,
				6CBBE2A72B8DB7C100F909EE /* FirebaseAnalyticsWithoutAdIdSupport in Frameworks */,
				C8D903F12B8731870008C15E /* KakaoSDKAuth in Frameworks */,
				6CBBE2BD2B8DB7C100F909EE /* FirebaseFirestoreSwift in Frameworks */,
				6CBBE2D52B8DB7C100F909EE /* FirebaseStorageCombine-Community in Frameworks */,
				6CBBE2B52B8DB7C100F909EE /* FirebaseDatabaseSwift in Frameworks */,
				6CBBE2CF2B8DB7C100F909EE /* FirebaseRemoteConfig in Frameworks */,
				6CBBE2A32B8DB7C100F909EE /* FirebaseAnalyticsOnDeviceConversion in Frameworks */,
				6CBBE2B12B8DB7C100F909EE /* FirebaseCrashlytics in Frameworks */,
				C8D903F92B8731870008C15E /* KakaoSDKFriend in Frameworks */,
				6CBBE2D12B8DB7C100F909EE /* FirebaseRemoteConfigSwift in Frameworks */,
				6CBBE2A12B8DB7C100F909EE /* FirebaseAnalytics in Frameworks */,
				6CBBE2D32B8DB7C100F909EE /* FirebaseStorage in Frameworks */,
				6CBBE2AF2B8DB7C100F909EE /* FirebaseAuthCombine-Community in Frameworks */,
				6CBBE2B72B8DB7C100F909EE /* FirebaseDynamicLinks in Frameworks */,
				6CBBE2C52B8DB7C100F909EE /* FirebaseInAppMessagingSwift-Beta in Frameworks */,
				6CBC73292BA9824F008271D6 /* SwiftJWT in Frameworks */,
				6CBBE2B92B8DB7C100F909EE /* FirebaseFirestore in Frameworks */,
			);
			runOnlyForDeploymentPostprocessing = 0;
		};
/* End PBXFrameworksBuildPhase section */

/* Begin PBXGroup section */
		6C7A43E62B8CAB5900A14291 /* LoginView */ = {
			isa = PBXGroup;
			children = (
				6C7A43E22B8C903100A14291 /* LoginViewController.swift */,
				6CF4D5FF2B9073A10069A9B2 /* LoginVM.swift */,
				6C7A43E42B8C904500A14291 /* SignUpViewController.swift */,
				6CF4D5FD2B9066990069A9B2 /* SignupVM.swift */,
			);
			path = LoginView;
			sourceTree = "<group>";
		};
		C82CEDBC2B86FCB200B619AD = {
			isa = PBXGroup;
			children = (
				C82CEDC72B86FCB200B619AD /* Run-It */,
				C82CEDC62B86FCB200B619AD /* Products */,
			);
			sourceTree = "<group>";
		};
		C82CEDC62B86FCB200B619AD /* Products */ = {
			isa = PBXGroup;
			children = (
				C82CEDC52B86FCB200B619AD /* Run-It.app */,
			);
			name = Products;
			sourceTree = "<group>";
		};
		C82CEDC72B86FCB200B619AD /* Run-It */ = {
			isa = PBXGroup;
			children = (
				C87BF1102BA193B00066073C /* Run-It.entitlements */,
				C82CEDC82B86FCB200B619AD /* AppDelegate.swift */,
				C82CEDCA2B86FCB200B619AD /* SceneDelegate.swift */,
				C82CEDD42B86FCB300B619AD /* Assets.xcassets */,
				C82CEDD92B86FCB300B619AD /* Info.plist */,
				C85561422B9F2FB1004CA358 /* GoogleService-Info.plist */,
				C82CEDEE2B86FEAF00B619AD /* MainTabBarViewController */,
				6C7A43E62B8CAB5900A14291 /* LoginView */,
				C82CEDE52B86FDBD00B619AD /* ProfileView */,
				C82CEDE62B86FDC700B619AD /* RunningMapView */,
				C82CEDE72B86FDD000B619AD /* BookmarkView */,
				C82CEDEC2B86FE0400B619AD /* RunningTimerView */,
				C83F1FBE2B9959C600D309CC /* PageController */,
				C82CEDED2B86FE1A00B619AD /* EventView */,
				C82CEDD62B86FCB300B619AD /* LaunchScreen.storyboard */,
				C82CEDD12B86FCB200B619AD /* Run_It.xcdatamodeld */,
				2B9888542B90C7AC00B2BC74 /* CoreDataManager.swift */,
			);
			path = "Run-It";
			sourceTree = "<group>";
		};
		C82CEDE52B86FDBD00B619AD /* ProfileView */ = {
			isa = PBXGroup;
			children = (
				2B46533C2B97527D0040B146 /* ProfileViewController.swift */,
				2B9888292B8C770900B2BC74 /* RecordViewCell.swift */,
				2B9888462B904D8500B2BC74 /* RunningRecordViewController.swift */,
				2B4652F82B96B64F0040B146 /* RunningRecordViewModel.swift */,
			);
			path = ProfileView;
			sourceTree = "<group>";
		};
		C82CEDE62B86FDC700B619AD /* RunningMapView */ = {
			isa = PBXGroup;
			children = (
				C82CEDE12B86FD7C00B619AD /* RunningMapViewController.swift */,
				C8A362FB2B95BFB7006D551E /* StoreViewHalfModal.swift */,
				0BF25AC52B8B73E600B0C8CE /* RunningMapModel.swift */,
				0BF25AC72B8BA87900B0C8CE /* StoreViewController.swift */,
				0BF25ACB2B8C724600B0C8CE /* StoreTableViewCell.swift */,
				C87BF1112BA194320066073C /* WeatherViewModel.swift */,
			);
			path = RunningMapView;
			sourceTree = "<group>";
		};
		C82CEDE72B86FDD000B619AD /* BookmarkView */ = {
			isa = PBXGroup;
			children = (
				C82CEDDF2B86FD5100B619AD /* BookmarkViewController.swift */,
				2B03B6D22B95D54F009F237A /* FavoriteViewCell.swift */,
				2B4653552B99E9DD0040B146 /* FavoritesViewModel.swift */,
			);
			path = BookmarkView;
			sourceTree = "<group>";
		};
		C82CEDEC2B86FE0400B619AD /* RunningTimerView */ = {
			isa = PBXGroup;
			children = (
				C879CD062B8AA9B400DBFB82 /* StartRunningViewController.swift */,
				C879CD082B8B405E00DBFB82 /* RunningTimerLocationManager.swift */,
				C893A7222B955B0E00D5466E /* RunningTimerManager.swift */,
				C82CEDE82B86FDE800B619AD /* RunningTimerViewController.swift */,
				C879CD042B8880F200DBFB82 /* PauseViewHalfModal.swift */,
				C879CD022B88807B00DBFB82 /* PauseRunningHalfModalViewController.swift */,
				2B4653592B9B1D2D0040B146 /* MapSnapshotManager.swift */,
			);
			path = RunningTimerView;
			sourceTree = "<group>";
		};
		C82CEDED2B86FE1A00B619AD /* EventView */ = {
			isa = PBXGroup;
			children = (
				2B46533E2B9752D60040B146 /* EventViewController.swift */,
				2B9888232B8B76A300B2BC74 /* EventViewCell.swift */,
			);
			path = EventView;
			sourceTree = "<group>";
		};
		C82CEDEE2B86FEAF00B619AD /* MainTabBarViewController */ = {
			isa = PBXGroup;
			children = (
				C82CEDCC2B86FCB200B619AD /* MainTabBarViewController.swift */,
			);
			path = MainTabBarViewController;
			sourceTree = "<group>";
		};
		C83F1FBE2B9959C600D309CC /* PageController */ = {
			isa = PBXGroup;
			children = (
				C83F1FBF2B9959EC00D309CC /* RunningTimerToMapViewPageController.swift */,
			);
			path = PageController;
			sourceTree = "<group>";
		};
/* End PBXGroup section */

/* Begin PBXNativeTarget section */
		C82CEDC42B86FCB200B619AD /* Run-It */ = {
			isa = PBXNativeTarget;
			buildConfigurationList = C82CEDDC2B86FCB300B619AD /* Build configuration list for PBXNativeTarget "Run-It" */;
			buildPhases = (
				C82CEDC12B86FCB200B619AD /* Sources */,
				C82CEDC22B86FCB200B619AD /* Frameworks */,
				C82CEDC32B86FCB200B619AD /* Resources */,
			);
			buildRules = (
			);
			dependencies = (
			);
			name = "Run-It";
			packageProductDependencies = (
				C8D903EE2B8731870008C15E /* KakaoSDK */,
				C8D903F02B8731870008C15E /* KakaoSDKAuth */,
				C8D903F22B8731870008C15E /* KakaoSDKCert */,
				C8D903F42B8731870008C15E /* KakaoSDKCertCore */,
				C8D903F62B8731870008C15E /* KakaoSDKCommon */,
				C8D903F82B8731870008C15E /* KakaoSDKFriend */,
				6CBBE2A02B8DB7C100F909EE /* FirebaseAnalytics */,
				6CBBE2A22B8DB7C100F909EE /* FirebaseAnalyticsOnDeviceConversion */,
				6CBBE2A42B8DB7C100F909EE /* FirebaseAnalyticsSwift */,
				6CBBE2A62B8DB7C100F909EE /* FirebaseAnalyticsWithoutAdIdSupport */,
				6CBBE2A82B8DB7C100F909EE /* FirebaseAppCheck */,
				6CBBE2AA2B8DB7C100F909EE /* FirebaseAppDistribution-Beta */,
				6CBBE2AC2B8DB7C100F909EE /* FirebaseAuth */,
				6CBBE2AE2B8DB7C100F909EE /* FirebaseAuthCombine-Community */,
				6CBBE2B02B8DB7C100F909EE /* FirebaseCrashlytics */,
				6CBBE2B22B8DB7C100F909EE /* FirebaseDatabase */,
				6CBBE2B42B8DB7C100F909EE /* FirebaseDatabaseSwift */,
				6CBBE2B62B8DB7C100F909EE /* FirebaseDynamicLinks */,
				6CBBE2B82B8DB7C100F909EE /* FirebaseFirestore */,
				6CBBE2BA2B8DB7C100F909EE /* FirebaseFirestoreCombine-Community */,
				6CBBE2BC2B8DB7C100F909EE /* FirebaseFirestoreSwift */,
				6CBBE2BE2B8DB7C100F909EE /* FirebaseFunctions */,
				6CBBE2C02B8DB7C100F909EE /* FirebaseFunctionsCombine-Community */,
				6CBBE2C22B8DB7C100F909EE /* FirebaseInAppMessaging-Beta */,
				6CBBE2C42B8DB7C100F909EE /* FirebaseInAppMessagingSwift-Beta */,
				6CBBE2C62B8DB7C100F909EE /* FirebaseInstallations */,
				6CBBE2C82B8DB7C100F909EE /* FirebaseMLModelDownloader */,
				6CBBE2CA2B8DB7C100F909EE /* FirebaseMessaging */,
				6CBBE2CC2B8DB7C100F909EE /* FirebasePerformance */,
				6CBBE2CE2B8DB7C100F909EE /* FirebaseRemoteConfig */,
				6CBBE2D02B8DB7C100F909EE /* FirebaseRemoteConfigSwift */,
				6CBBE2D22B8DB7C100F909EE /* FirebaseStorage */,
				6CBBE2D42B8DB7C100F909EE /* FirebaseStorageCombine-Community */,
				C85561402B9F19E9004CA358 /* SnapKit */,
				6CBC73282BA9824F008271D6 /* SwiftJWT */,
			);
			productName = "Run-It";
			productReference = C82CEDC52B86FCB200B619AD /* Run-It.app */;
			productType = "com.apple.product-type.application";
		};
/* End PBXNativeTarget section */

/* Begin PBXProject section */
		C82CEDBD2B86FCB200B619AD /* Project object */ = {
			isa = PBXProject;
			attributes = {
				BuildIndependentTargetsInParallel = 1;
				LastSwiftUpdateCheck = 1520;
				LastUpgradeCheck = 1520;
				TargetAttributes = {
					C82CEDC42B86FCB200B619AD = {
						CreatedOnToolsVersion = 15.2;
					};
				};
			};
			buildConfigurationList = C82CEDC02B86FCB200B619AD /* Build configuration list for PBXProject "Run-It" */;
			compatibilityVersion = "Xcode 14.0";
			developmentRegion = en;
			hasScannedForEncodings = 0;
			knownRegions = (
				en,
				Base,
			);
			mainGroup = C82CEDBC2B86FCB200B619AD;
			packageReferences = (
				C8D903ED2B8731870008C15E /* XCRemoteSwiftPackageReference "kakao-ios-sdk" */,
				6CBBE29F2B8DB7C100F909EE /* XCRemoteSwiftPackageReference "firebase-ios-sdk" */,
				C855613F2B9F19E9004CA358 /* XCRemoteSwiftPackageReference "SnapKit" */,
				6CBC73272BA9824F008271D6 /* XCRemoteSwiftPackageReference "Swift-JWT" */,
			);
			productRefGroup = C82CEDC62B86FCB200B619AD /* Products */;
			projectDirPath = "";
			projectRoot = "";
			targets = (
				C82CEDC42B86FCB200B619AD /* Run-It */,
			);
		};
/* End PBXProject section */

/* Begin PBXResourcesBuildPhase section */
		C82CEDC32B86FCB200B619AD /* Resources */ = {
			isa = PBXResourcesBuildPhase;
			buildActionMask = 2147483647;
			files = (
				C82CEDD82B86FCB300B619AD /* LaunchScreen.storyboard in Resources */,
				C85561432B9F2FB1004CA358 /* GoogleService-Info.plist in Resources */,
				C82CEDD52B86FCB300B619AD /* Assets.xcassets in Resources */,
			);
			runOnlyForDeploymentPostprocessing = 0;
		};
/* End PBXResourcesBuildPhase section */

/* Begin PBXSourcesBuildPhase section */
		C82CEDC12B86FCB200B619AD /* Sources */ = {
			isa = PBXSourcesBuildPhase;
			buildActionMask = 2147483647;
			files = (
				2B4653562B99E9DD0040B146 /* FavoritesViewModel.swift in Sources */,
				C83F1FC02B9959EC00D309CC /* RunningTimerToMapViewPageController.swift in Sources */,
				6CF4D6002B9073A10069A9B2 /* LoginVM.swift in Sources */,
				C82CEDE92B86FDE800B619AD /* RunningTimerViewController.swift in Sources */,
				2B9888242B8B76A300B2BC74 /* EventViewCell.swift in Sources */,
				C82CEDD32B86FCB200B619AD /* Run_It.xcdatamodeld in Sources */,
				C879CD072B8AA9B400DBFB82 /* StartRunningViewController.swift in Sources */,
				C879CD052B8880F200DBFB82 /* PauseViewHalfModal.swift in Sources */,
				2B9888552B90C7AC00B2BC74 /* CoreDataManager.swift in Sources */,
				C82CEDCD2B86FCB200B619AD /* MainTabBarViewController.swift in Sources */,
				2B46533F2B9752D60040B146 /* EventViewController.swift in Sources */,
				2B98882A2B8C770900B2BC74 /* RecordViewCell.swift in Sources */,
				C82CEDC92B86FCB200B619AD /* AppDelegate.swift in Sources */,
				C87BF1122BA194320066073C /* WeatherViewModel.swift in Sources */,
				C879CD092B8B405E00DBFB82 /* RunningTimerLocationManager.swift in Sources */,
				C82CEDE22B86FD7C00B619AD /* RunningMapViewController.swift in Sources */,
				6C7A43E52B8C904500A14291 /* SignUpViewController.swift in Sources */,
				C8A362FC2B95BFB7006D551E /* StoreViewHalfModal.swift in Sources */,
				6CF4D5FE2B90669A0069A9B2 /* SignupVM.swift in Sources */,
				0BF25ACC2B8C724600B0C8CE /* StoreTableViewCell.swift in Sources */,
				C82CEDCB2B86FCB200B619AD /* SceneDelegate.swift in Sources */,
				2B46533D2B97527D0040B146 /* ProfileViewController.swift in Sources */,
				0BF25AC62B8B73E600B0C8CE /* RunningMapModel.swift in Sources */,
				0BF25AC82B8BA87900B0C8CE /* StoreViewController.swift in Sources */,
				2B9888472B904D8500B2BC74 /* RunningRecordViewController.swift in Sources */,
				2B03B6D32B95D54F009F237A /* FavoriteViewCell.swift in Sources */,
				C879CD032B88807B00DBFB82 /* PauseRunningHalfModalViewController.swift in Sources */,
				C82CEDE02B86FD5100B619AD /* BookmarkViewController.swift in Sources */,
				6C7A43E32B8C903100A14291 /* LoginViewController.swift in Sources */,
				2B4652F92B96B64F0040B146 /* RunningRecordViewModel.swift in Sources */,
				C893A7232B955B0E00D5466E /* RunningTimerManager.swift in Sources */,
				2B46535A2B9B1D2D0040B146 /* MapSnapshotManager.swift in Sources */,
			);
			runOnlyForDeploymentPostprocessing = 0;
		};
/* End PBXSourcesBuildPhase section */

/* Begin PBXVariantGroup section */
		C82CEDD62B86FCB300B619AD /* LaunchScreen.storyboard */ = {
			isa = PBXVariantGroup;
			children = (
				C82CEDD72B86FCB300B619AD /* Base */,
			);
			name = LaunchScreen.storyboard;
			sourceTree = "<group>";
		};
/* End PBXVariantGroup section */

/* Begin XCBuildConfiguration section */
		C82CEDDA2B86FCB300B619AD /* Debug */ = {
			isa = XCBuildConfiguration;
			buildSettings = {
				ALWAYS_SEARCH_USER_PATHS = NO;
				ASSETCATALOG_COMPILER_GENERATE_SWIFT_ASSET_SYMBOL_EXTENSIONS = YES;
				CLANG_ANALYZER_NONNULL = YES;
				CLANG_ANALYZER_NUMBER_OBJECT_CONVERSION = YES_AGGRESSIVE;
				CLANG_CXX_LANGUAGE_STANDARD = "gnu++20";
				CLANG_ENABLE_MODULES = YES;
				CLANG_ENABLE_OBJC_ARC = YES;
				CLANG_ENABLE_OBJC_WEAK = YES;
				CLANG_WARN_BLOCK_CAPTURE_AUTORELEASING = YES;
				CLANG_WARN_BOOL_CONVERSION = YES;
				CLANG_WARN_COMMA = YES;
				CLANG_WARN_CONSTANT_CONVERSION = YES;
				CLANG_WARN_DEPRECATED_OBJC_IMPLEMENTATIONS = YES;
				CLANG_WARN_DIRECT_OBJC_ISA_USAGE = YES_ERROR;
				CLANG_WARN_DOCUMENTATION_COMMENTS = YES;
				CLANG_WARN_EMPTY_BODY = YES;
				CLANG_WARN_ENUM_CONVERSION = YES;
				CLANG_WARN_INFINITE_RECURSION = YES;
				CLANG_WARN_INT_CONVERSION = YES;
				CLANG_WARN_NON_LITERAL_NULL_CONVERSION = YES;
				CLANG_WARN_OBJC_IMPLICIT_RETAIN_SELF = YES;
				CLANG_WARN_OBJC_LITERAL_CONVERSION = YES;
				CLANG_WARN_OBJC_ROOT_CLASS = YES_ERROR;
				CLANG_WARN_QUOTED_INCLUDE_IN_FRAMEWORK_HEADER = YES;
				CLANG_WARN_RANGE_LOOP_ANALYSIS = YES;
				CLANG_WARN_STRICT_PROTOTYPES = YES;
				CLANG_WARN_SUSPICIOUS_MOVE = YES;
				CLANG_WARN_UNGUARDED_AVAILABILITY = YES_AGGRESSIVE;
				CLANG_WARN_UNREACHABLE_CODE = YES;
				CLANG_WARN__DUPLICATE_METHOD_MATCH = YES;
				COPY_PHASE_STRIP = NO;
				DEBUG_INFORMATION_FORMAT = dwarf;
				ENABLE_STRICT_OBJC_MSGSEND = YES;
				ENABLE_TESTABILITY = YES;
				ENABLE_USER_SCRIPT_SANDBOXING = YES;
				GCC_C_LANGUAGE_STANDARD = gnu17;
				GCC_DYNAMIC_NO_PIC = NO;
				GCC_NO_COMMON_BLOCKS = YES;
				GCC_OPTIMIZATION_LEVEL = 0;
				GCC_PREPROCESSOR_DEFINITIONS = (
					"DEBUG=1",
					"$(inherited)",
				);
				GCC_WARN_64_TO_32_BIT_CONVERSION = YES;
				GCC_WARN_ABOUT_RETURN_TYPE = YES_ERROR;
				GCC_WARN_UNDECLARED_SELECTOR = YES;
				GCC_WARN_UNINITIALIZED_AUTOS = YES_AGGRESSIVE;
				GCC_WARN_UNUSED_FUNCTION = YES;
				GCC_WARN_UNUSED_VARIABLE = YES;
				IPHONEOS_DEPLOYMENT_TARGET = 16.0;
				LOCALIZATION_PREFERS_STRING_CATALOGS = YES;
				MTL_ENABLE_DEBUG_INFO = INCLUDE_SOURCE;
				MTL_FAST_MATH = YES;
				ONLY_ACTIVE_ARCH = YES;
				SDKROOT = iphoneos;
				SWIFT_ACTIVE_COMPILATION_CONDITIONS = "DEBUG $(inherited)";
				SWIFT_OPTIMIZATION_LEVEL = "-Onone";
			};
			name = Debug;
		};
		C82CEDDB2B86FCB300B619AD /* Release */ = {
			isa = XCBuildConfiguration;
			buildSettings = {
				ALWAYS_SEARCH_USER_PATHS = NO;
				ASSETCATALOG_COMPILER_GENERATE_SWIFT_ASSET_SYMBOL_EXTENSIONS = YES;
				CLANG_ANALYZER_NONNULL = YES;
				CLANG_ANALYZER_NUMBER_OBJECT_CONVERSION = YES_AGGRESSIVE;
				CLANG_CXX_LANGUAGE_STANDARD = "gnu++20";
				CLANG_ENABLE_MODULES = YES;
				CLANG_ENABLE_OBJC_ARC = YES;
				CLANG_ENABLE_OBJC_WEAK = YES;
				CLANG_WARN_BLOCK_CAPTURE_AUTORELEASING = YES;
				CLANG_WARN_BOOL_CONVERSION = YES;
				CLANG_WARN_COMMA = YES;
				CLANG_WARN_CONSTANT_CONVERSION = YES;
				CLANG_WARN_DEPRECATED_OBJC_IMPLEMENTATIONS = YES;
				CLANG_WARN_DIRECT_OBJC_ISA_USAGE = YES_ERROR;
				CLANG_WARN_DOCUMENTATION_COMMENTS = YES;
				CLANG_WARN_EMPTY_BODY = YES;
				CLANG_WARN_ENUM_CONVERSION = YES;
				CLANG_WARN_INFINITE_RECURSION = YES;
				CLANG_WARN_INT_CONVERSION = YES;
				CLANG_WARN_NON_LITERAL_NULL_CONVERSION = YES;
				CLANG_WARN_OBJC_IMPLICIT_RETAIN_SELF = YES;
				CLANG_WARN_OBJC_LITERAL_CONVERSION = YES;
				CLANG_WARN_OBJC_ROOT_CLASS = YES_ERROR;
				CLANG_WARN_QUOTED_INCLUDE_IN_FRAMEWORK_HEADER = YES;
				CLANG_WARN_RANGE_LOOP_ANALYSIS = YES;
				CLANG_WARN_STRICT_PROTOTYPES = YES;
				CLANG_WARN_SUSPICIOUS_MOVE = YES;
				CLANG_WARN_UNGUARDED_AVAILABILITY = YES_AGGRESSIVE;
				CLANG_WARN_UNREACHABLE_CODE = YES;
				CLANG_WARN__DUPLICATE_METHOD_MATCH = YES;
				COPY_PHASE_STRIP = NO;
				DEBUG_INFORMATION_FORMAT = "dwarf-with-dsym";
				ENABLE_NS_ASSERTIONS = NO;
				ENABLE_STRICT_OBJC_MSGSEND = YES;
				ENABLE_USER_SCRIPT_SANDBOXING = YES;
				GCC_C_LANGUAGE_STANDARD = gnu17;
				GCC_NO_COMMON_BLOCKS = YES;
				GCC_WARN_64_TO_32_BIT_CONVERSION = YES;
				GCC_WARN_ABOUT_RETURN_TYPE = YES_ERROR;
				GCC_WARN_UNDECLARED_SELECTOR = YES;
				GCC_WARN_UNINITIALIZED_AUTOS = YES_AGGRESSIVE;
				GCC_WARN_UNUSED_FUNCTION = YES;
				GCC_WARN_UNUSED_VARIABLE = YES;
				IPHONEOS_DEPLOYMENT_TARGET = 16.0;
				LOCALIZATION_PREFERS_STRING_CATALOGS = YES;
				MTL_ENABLE_DEBUG_INFO = NO;
				MTL_FAST_MATH = YES;
				SDKROOT = iphoneos;
				SWIFT_COMPILATION_MODE = wholemodule;
				VALIDATE_PRODUCT = YES;
			};
			name = Release;
		};
		C82CEDDD2B86FCB300B619AD /* Debug */ = {
			isa = XCBuildConfiguration;
			buildSettings = {
				ASSETCATALOG_COMPILER_APPICON_NAME = AppIcon;
				ASSETCATALOG_COMPILER_GLOBAL_ACCENT_COLOR_NAME = AccentColor;
				CODE_SIGN_ENTITLEMENTS = "Run-It/Run-It.entitlements";
				CODE_SIGN_IDENTITY = "Apple Development";
				"CODE_SIGN_IDENTITY[sdk=iphoneos*]" = "iPhone Developer";
				CODE_SIGN_STYLE = Manual;
				CURRENT_PROJECT_VERSION = 1;
				DEVELOPMENT_TEAM = "";
				"DEVELOPMENT_TEAM[sdk=iphoneos*]" = 335MYJGX88;
				GENERATE_INFOPLIST_FILE = YES;
				INFOPLIST_FILE = "Run-It/Info.plist";
				INFOPLIST_KEY_NSLocationAlwaysAndWhenInUseUsageDescription = "\"사용자의 위치 정보를 받아오려고 합니다\"";
				INFOPLIST_KEY_NSLocationAlwaysUsageDescription = "\"위치허용을 항상 하시겠습니까?\"";
				INFOPLIST_KEY_NSLocationWhenInUseUsageDescription = "\"현재 위치 사용을 허용하시겠습니까?\"";
				INFOPLIST_KEY_UIApplicationSupportsIndirectInputEvents = YES;
				INFOPLIST_KEY_UILaunchStoryboardName = LaunchScreen;
				INFOPLIST_KEY_UISupportedInterfaceOrientations_iPad = "UIInterfaceOrientationPortrait UIInterfaceOrientationPortraitUpsideDown UIInterfaceOrientationLandscapeLeft UIInterfaceOrientationLandscapeRight";
				INFOPLIST_KEY_UISupportedInterfaceOrientations_iPhone = "UIInterfaceOrientationPortrait UIInterfaceOrientationLandscapeLeft UIInterfaceOrientationLandscapeRight";
				IPHONEOS_DEPLOYMENT_TARGET = 16.0;
				LD_RUNPATH_SEARCH_PATHS = (
					"$(inherited)",
					"@executable_path/Frameworks",
				);
				MARKETING_VERSION = 1.0;
				PRODUCT_BUNDLE_IDENTIFIER = "com.team5.Run-It";
				PRODUCT_NAME = "$(TARGET_NAME)";
				PROVISIONING_PROFILE_SPECIFIER = "";
				"PROVISIONING_PROFILE_SPECIFIER[sdk=iphoneos*]" = RunItProvisionProfile;
				SWIFT_EMIT_LOC_STRINGS = YES;
				SWIFT_VERSION = 5.0;
				TARGETED_DEVICE_FAMILY = "1,2";
			};
			name = Debug;
		};
		C82CEDDE2B86FCB300B619AD /* Release */ = {
			isa = XCBuildConfiguration;
			buildSettings = {
				ASSETCATALOG_COMPILER_APPICON_NAME = AppIcon;
				ASSETCATALOG_COMPILER_GLOBAL_ACCENT_COLOR_NAME = AccentColor;
				CODE_SIGN_ENTITLEMENTS = "Run-It/Run-It.entitlements";
				CODE_SIGN_IDENTITY = "Apple Development";
				"CODE_SIGN_IDENTITY[sdk=iphoneos*]" = "iPhone Developer";
				CODE_SIGN_STYLE = Manual;
				CURRENT_PROJECT_VERSION = 1;
				DEVELOPMENT_TEAM = "";
				"DEVELOPMENT_TEAM[sdk=iphoneos*]" = 335MYJGX88;
				GENERATE_INFOPLIST_FILE = YES;
				INFOPLIST_FILE = "Run-It/Info.plist";
				INFOPLIST_KEY_NSLocationAlwaysAndWhenInUseUsageDescription = "\"사용자의 위치 정보를 받아오려고 합니다\"";
				INFOPLIST_KEY_NSLocationAlwaysUsageDescription = "\"위치허용을 항상 하시겠습니까?\"";
				INFOPLIST_KEY_NSLocationWhenInUseUsageDescription = "\"현재 위치 사용을 허용하시겠습니까?\"";
				INFOPLIST_KEY_UIApplicationSupportsIndirectInputEvents = YES;
				INFOPLIST_KEY_UILaunchStoryboardName = LaunchScreen;
				INFOPLIST_KEY_UISupportedInterfaceOrientations_iPad = "UIInterfaceOrientationPortrait UIInterfaceOrientationPortraitUpsideDown UIInterfaceOrientationLandscapeLeft UIInterfaceOrientationLandscapeRight";
				INFOPLIST_KEY_UISupportedInterfaceOrientations_iPhone = "UIInterfaceOrientationPortrait UIInterfaceOrientationLandscapeLeft UIInterfaceOrientationLandscapeRight";
				IPHONEOS_DEPLOYMENT_TARGET = 16.0;
				LD_RUNPATH_SEARCH_PATHS = (
					"$(inherited)",
					"@executable_path/Frameworks",
				);
				MARKETING_VERSION = 1.0;
				PRODUCT_BUNDLE_IDENTIFIER = "com.team5.Run-It";
				PRODUCT_NAME = "$(TARGET_NAME)";
				PROVISIONING_PROFILE_SPECIFIER = "";
				"PROVISIONING_PROFILE_SPECIFIER[sdk=iphoneos*]" = RunItProvisionProfile;
				SWIFT_EMIT_LOC_STRINGS = YES;
				SWIFT_VERSION = 5.0;
				TARGETED_DEVICE_FAMILY = "1,2";
			};
			name = Release;
		};
/* End XCBuildConfiguration section */

/* Begin XCConfigurationList section */
		C82CEDC02B86FCB200B619AD /* Build configuration list for PBXProject "Run-It" */ = {
			isa = XCConfigurationList;
			buildConfigurations = (
				C82CEDDA2B86FCB300B619AD /* Debug */,
				C82CEDDB2B86FCB300B619AD /* Release */,
			);
			defaultConfigurationIsVisible = 0;
			defaultConfigurationName = Release;
		};
		C82CEDDC2B86FCB300B619AD /* Build configuration list for PBXNativeTarget "Run-It" */ = {
			isa = XCConfigurationList;
			buildConfigurations = (
				C82CEDDD2B86FCB300B619AD /* Debug */,
				C82CEDDE2B86FCB300B619AD /* Release */,
			);
			defaultConfigurationIsVisible = 0;
			defaultConfigurationName = Release;
		};
/* End XCConfigurationList section */

/* Begin XCRemoteSwiftPackageReference section */
		6CBBE29F2B8DB7C100F909EE /* XCRemoteSwiftPackageReference "firebase-ios-sdk" */ = {
			isa = XCRemoteSwiftPackageReference;
			repositoryURL = "https://github.com/firebase/firebase-ios-sdk";
			requirement = {
				kind = upToNextMajorVersion;
				minimumVersion = 10.21.0;
			};
		};
		6CBC73272BA9824F008271D6 /* XCRemoteSwiftPackageReference "Swift-JWT" */ = {
			isa = XCRemoteSwiftPackageReference;
			repositoryURL = "https://github.com/Kitura/Swift-JWT.git";
			requirement = {
				kind = upToNextMajorVersion;
				minimumVersion = 4.0.1;
			};
		};
		C855613F2B9F19E9004CA358 /* XCRemoteSwiftPackageReference "SnapKit" */ = {
			isa = XCRemoteSwiftPackageReference;
			repositoryURL = "https://github.com/SnapKit/SnapKit.git";
			requirement = {
				kind = upToNextMajorVersion;
				minimumVersion = 5.7.1;
			};
		};
		C8D903ED2B8731870008C15E /* XCRemoteSwiftPackageReference "kakao-ios-sdk" */ = {
			isa = XCRemoteSwiftPackageReference;
			repositoryURL = "https://github.com/kakao/kakao-ios-sdk";
			requirement = {
				kind = upToNextMajorVersion;
				minimumVersion = 2.20.0;
			};
		};
/* End XCRemoteSwiftPackageReference section */

/* Begin XCSwiftPackageProductDependency section */
		6CBBE2A02B8DB7C100F909EE /* FirebaseAnalytics */ = {
			isa = XCSwiftPackageProductDependency;
			package = 6CBBE29F2B8DB7C100F909EE /* XCRemoteSwiftPackageReference "firebase-ios-sdk" */;
			productName = FirebaseAnalytics;
		};
		6CBBE2A22B8DB7C100F909EE /* FirebaseAnalyticsOnDeviceConversion */ = {
			isa = XCSwiftPackageProductDependency;
			package = 6CBBE29F2B8DB7C100F909EE /* XCRemoteSwiftPackageReference "firebase-ios-sdk" */;
			productName = FirebaseAnalyticsOnDeviceConversion;
		};
		6CBBE2A42B8DB7C100F909EE /* FirebaseAnalyticsSwift */ = {
			isa = XCSwiftPackageProductDependency;
			package = 6CBBE29F2B8DB7C100F909EE /* XCRemoteSwiftPackageReference "firebase-ios-sdk" */;
			productName = FirebaseAnalyticsSwift;
		};
		6CBBE2A62B8DB7C100F909EE /* FirebaseAnalyticsWithoutAdIdSupport */ = {
			isa = XCSwiftPackageProductDependency;
			package = 6CBBE29F2B8DB7C100F909EE /* XCRemoteSwiftPackageReference "firebase-ios-sdk" */;
			productName = FirebaseAnalyticsWithoutAdIdSupport;
		};
		6CBBE2A82B8DB7C100F909EE /* FirebaseAppCheck */ = {
			isa = XCSwiftPackageProductDependency;
			package = 6CBBE29F2B8DB7C100F909EE /* XCRemoteSwiftPackageReference "firebase-ios-sdk" */;
			productName = FirebaseAppCheck;
		};
		6CBBE2AA2B8DB7C100F909EE /* FirebaseAppDistribution-Beta */ = {
			isa = XCSwiftPackageProductDependency;
			package = 6CBBE29F2B8DB7C100F909EE /* XCRemoteSwiftPackageReference "firebase-ios-sdk" */;
			productName = "FirebaseAppDistribution-Beta";
		};
		6CBBE2AC2B8DB7C100F909EE /* FirebaseAuth */ = {
			isa = XCSwiftPackageProductDependency;
			package = 6CBBE29F2B8DB7C100F909EE /* XCRemoteSwiftPackageReference "firebase-ios-sdk" */;
			productName = FirebaseAuth;
		};
		6CBBE2AE2B8DB7C100F909EE /* FirebaseAuthCombine-Community */ = {
			isa = XCSwiftPackageProductDependency;
			package = 6CBBE29F2B8DB7C100F909EE /* XCRemoteSwiftPackageReference "firebase-ios-sdk" */;
			productName = "FirebaseAuthCombine-Community";
		};
		6CBBE2B02B8DB7C100F909EE /* FirebaseCrashlytics */ = {
			isa = XCSwiftPackageProductDependency;
			package = 6CBBE29F2B8DB7C100F909EE /* XCRemoteSwiftPackageReference "firebase-ios-sdk" */;
			productName = FirebaseCrashlytics;
		};
		6CBBE2B22B8DB7C100F909EE /* FirebaseDatabase */ = {
			isa = XCSwiftPackageProductDependency;
			package = 6CBBE29F2B8DB7C100F909EE /* XCRemoteSwiftPackageReference "firebase-ios-sdk" */;
			productName = FirebaseDatabase;
		};
		6CBBE2B42B8DB7C100F909EE /* FirebaseDatabaseSwift */ = {
			isa = XCSwiftPackageProductDependency;
			package = 6CBBE29F2B8DB7C100F909EE /* XCRemoteSwiftPackageReference "firebase-ios-sdk" */;
			productName = FirebaseDatabaseSwift;
		};
		6CBBE2B62B8DB7C100F909EE /* FirebaseDynamicLinks */ = {
			isa = XCSwiftPackageProductDependency;
			package = 6CBBE29F2B8DB7C100F909EE /* XCRemoteSwiftPackageReference "firebase-ios-sdk" */;
			productName = FirebaseDynamicLinks;
		};
		6CBBE2B82B8DB7C100F909EE /* FirebaseFirestore */ = {
			isa = XCSwiftPackageProductDependency;
			package = 6CBBE29F2B8DB7C100F909EE /* XCRemoteSwiftPackageReference "firebase-ios-sdk" */;
			productName = FirebaseFirestore;
		};
		6CBBE2BA2B8DB7C100F909EE /* FirebaseFirestoreCombine-Community */ = {
			isa = XCSwiftPackageProductDependency;
			package = 6CBBE29F2B8DB7C100F909EE /* XCRemoteSwiftPackageReference "firebase-ios-sdk" */;
			productName = "FirebaseFirestoreCombine-Community";
		};
		6CBBE2BC2B8DB7C100F909EE /* FirebaseFirestoreSwift */ = {
			isa = XCSwiftPackageProductDependency;
			package = 6CBBE29F2B8DB7C100F909EE /* XCRemoteSwiftPackageReference "firebase-ios-sdk" */;
			productName = FirebaseFirestoreSwift;
		};
		6CBBE2BE2B8DB7C100F909EE /* FirebaseFunctions */ = {
			isa = XCSwiftPackageProductDependency;
			package = 6CBBE29F2B8DB7C100F909EE /* XCRemoteSwiftPackageReference "firebase-ios-sdk" */;
			productName = FirebaseFunctions;
		};
		6CBBE2C02B8DB7C100F909EE /* FirebaseFunctionsCombine-Community */ = {
			isa = XCSwiftPackageProductDependency;
			package = 6CBBE29F2B8DB7C100F909EE /* XCRemoteSwiftPackageReference "firebase-ios-sdk" */;
			productName = "FirebaseFunctionsCombine-Community";
		};
		6CBBE2C22B8DB7C100F909EE /* FirebaseInAppMessaging-Beta */ = {
			isa = XCSwiftPackageProductDependency;
			package = 6CBBE29F2B8DB7C100F909EE /* XCRemoteSwiftPackageReference "firebase-ios-sdk" */;
			productName = "FirebaseInAppMessaging-Beta";
		};
		6CBBE2C42B8DB7C100F909EE /* FirebaseInAppMessagingSwift-Beta */ = {
			isa = XCSwiftPackageProductDependency;
			package = 6CBBE29F2B8DB7C100F909EE /* XCRemoteSwiftPackageReference "firebase-ios-sdk" */;
			productName = "FirebaseInAppMessagingSwift-Beta";
		};
		6CBBE2C62B8DB7C100F909EE /* FirebaseInstallations */ = {
			isa = XCSwiftPackageProductDependency;
			package = 6CBBE29F2B8DB7C100F909EE /* XCRemoteSwiftPackageReference "firebase-ios-sdk" */;
			productName = FirebaseInstallations;
		};
		6CBBE2C82B8DB7C100F909EE /* FirebaseMLModelDownloader */ = {
			isa = XCSwiftPackageProductDependency;
			package = 6CBBE29F2B8DB7C100F909EE /* XCRemoteSwiftPackageReference "firebase-ios-sdk" */;
			productName = FirebaseMLModelDownloader;
		};
		6CBBE2CA2B8DB7C100F909EE /* FirebaseMessaging */ = {
			isa = XCSwiftPackageProductDependency;
			package = 6CBBE29F2B8DB7C100F909EE /* XCRemoteSwiftPackageReference "firebase-ios-sdk" */;
			productName = FirebaseMessaging;
		};
		6CBBE2CC2B8DB7C100F909EE /* FirebasePerformance */ = {
			isa = XCSwiftPackageProductDependency;
			package = 6CBBE29F2B8DB7C100F909EE /* XCRemoteSwiftPackageReference "firebase-ios-sdk" */;
			productName = FirebasePerformance;
		};
		6CBBE2CE2B8DB7C100F909EE /* FirebaseRemoteConfig */ = {
			isa = XCSwiftPackageProductDependency;
			package = 6CBBE29F2B8DB7C100F909EE /* XCRemoteSwiftPackageReference "firebase-ios-sdk" */;
			productName = FirebaseRemoteConfig;
		};
		6CBBE2D02B8DB7C100F909EE /* FirebaseRemoteConfigSwift */ = {
			isa = XCSwiftPackageProductDependency;
			package = 6CBBE29F2B8DB7C100F909EE /* XCRemoteSwiftPackageReference "firebase-ios-sdk" */;
			productName = FirebaseRemoteConfigSwift;
		};
		6CBBE2D22B8DB7C100F909EE /* FirebaseStorage */ = {
			isa = XCSwiftPackageProductDependency;
			package = 6CBBE29F2B8DB7C100F909EE /* XCRemoteSwiftPackageReference "firebase-ios-sdk" */;
			productName = FirebaseStorage;
		};
		6CBBE2D42B8DB7C100F909EE /* FirebaseStorageCombine-Community */ = {
			isa = XCSwiftPackageProductDependency;
			package = 6CBBE29F2B8DB7C100F909EE /* XCRemoteSwiftPackageReference "firebase-ios-sdk" */;
			productName = "FirebaseStorageCombine-Community";
		};
		6CBC73282BA9824F008271D6 /* SwiftJWT */ = {
			isa = XCSwiftPackageProductDependency;
			package = 6CBC73272BA9824F008271D6 /* XCRemoteSwiftPackageReference "Swift-JWT" */;
			productName = SwiftJWT;
		};
		C85561402B9F19E9004CA358 /* SnapKit */ = {
			isa = XCSwiftPackageProductDependency;
			package = C855613F2B9F19E9004CA358 /* XCRemoteSwiftPackageReference "SnapKit" */;
			productName = SnapKit;
		};
		C8D903EE2B8731870008C15E /* KakaoSDK */ = {
			isa = XCSwiftPackageProductDependency;
			package = C8D903ED2B8731870008C15E /* XCRemoteSwiftPackageReference "kakao-ios-sdk" */;
			productName = KakaoSDK;
		};
		C8D903F02B8731870008C15E /* KakaoSDKAuth */ = {
			isa = XCSwiftPackageProductDependency;
			package = C8D903ED2B8731870008C15E /* XCRemoteSwiftPackageReference "kakao-ios-sdk" */;
			productName = KakaoSDKAuth;
		};
		C8D903F22B8731870008C15E /* KakaoSDKCert */ = {
			isa = XCSwiftPackageProductDependency;
			package = C8D903ED2B8731870008C15E /* XCRemoteSwiftPackageReference "kakao-ios-sdk" */;
			productName = KakaoSDKCert;
		};
		C8D903F42B8731870008C15E /* KakaoSDKCertCore */ = {
			isa = XCSwiftPackageProductDependency;
			package = C8D903ED2B8731870008C15E /* XCRemoteSwiftPackageReference "kakao-ios-sdk" */;
			productName = KakaoSDKCertCore;
		};
		C8D903F62B8731870008C15E /* KakaoSDKCommon */ = {
			isa = XCSwiftPackageProductDependency;
			package = C8D903ED2B8731870008C15E /* XCRemoteSwiftPackageReference "kakao-ios-sdk" */;
			productName = KakaoSDKCommon;
		};
		C8D903F82B8731870008C15E /* KakaoSDKFriend */ = {
			isa = XCSwiftPackageProductDependency;
			package = C8D903ED2B8731870008C15E /* XCRemoteSwiftPackageReference "kakao-ios-sdk" */;
			productName = KakaoSDKFriend;
		};
/* End XCSwiftPackageProductDependency section */

/* Begin XCVersionGroup section */
		C82CEDD12B86FCB200B619AD /* Run_It.xcdatamodeld */ = {
			isa = XCVersionGroup;
			children = (
				C82CEDD22B86FCB200B619AD /* Run_It.xcdatamodel */,
			);
			currentVersion = C82CEDD22B86FCB200B619AD /* Run_It.xcdatamodel */;
			path = Run_It.xcdatamodeld;
			sourceTree = "<group>";
			versionGroupType = wrapper.xcdatamodel;
		};
/* End XCVersionGroup section */
	};
	rootObject = C82CEDBD2B86FCB200B619AD /* Project object */;
}
